// !$*UTF8*$!
{
	archiveVersion = 1;
	classes = {
	};
	objectVersion = 51;
	objects = {

/* Begin PBXBuildFile section */
		08DC6B55AD0B75D6F96E5524 /* Pods_Job_Hub.framework in Frameworks */ = {isa = PBXBuildFile; fileRef = 79800A8454D1E1EF04C023C5 /* Pods_Job_Hub.framework */; };
		31098DF509CCDBA597646996 /* Pods_Job_Hub_Job_HubUITests.framework in Frameworks */ = {isa = PBXBuildFile; fileRef = C5857A2409D802D92D4426E9 /* Pods_Job_Hub_Job_HubUITests.framework */; };
		647124A925984E9500B8D38E /* AppDelegate.swift in Sources */ = {isa = PBXBuildFile; fileRef = 647124A825984E9500B8D38E /* AppDelegate.swift */; };
		647124AD25984E9500B8D38E /* ViewController.swift in Sources */ = {isa = PBXBuildFile; fileRef = 647124AC25984E9500B8D38E /* ViewController.swift */; };
		647124B025984E9500B8D38E /* Main.storyboard in Resources */ = {isa = PBXBuildFile; fileRef = 647124AE25984E9500B8D38E /* Main.storyboard */; };
		647124B325984E9500B8D38E /* Job_Hub.xcdatamodeld in Sources */ = {isa = PBXBuildFile; fileRef = 647124B125984E9500B8D38E /* Job_Hub.xcdatamodeld */; };
		647124B525984E9800B8D38E /* Assets.xcassets in Resources */ = {isa = PBXBuildFile; fileRef = 647124B425984E9800B8D38E /* Assets.xcassets */; };
		647124B825984E9800B8D38E /* LaunchScreen.storyboard in Resources */ = {isa = PBXBuildFile; fileRef = 647124B625984E9800B8D38E /* LaunchScreen.storyboard */; };
		647124C325984E9800B8D38E /* Job_HubTests.swift in Sources */ = {isa = PBXBuildFile; fileRef = 647124C225984E9800B8D38E /* Job_HubTests.swift */; };
		647124CE25984E9800B8D38E /* Job_HubUITests.swift in Sources */ = {isa = PBXBuildFile; fileRef = 647124CD25984E9800B8D38E /* Job_HubUITests.swift */; };
		64712504259860E700B8D38E /* R.generated.swift in Sources */ = {isa = PBXBuildFile; fileRef = 64712503259860E700B8D38E /* R.generated.swift */; };
		951BA35B82DB27EA93172CF2 /* Pods_Job_HubTests.framework in Frameworks */ = {isa = PBXBuildFile; fileRef = AB83F4037D48030AE25D4813 /* Pods_Job_HubTests.framework */; };
/* End PBXBuildFile section */

/* Begin PBXContainerItemProxy section */
		647124BF25984E9800B8D38E /* PBXContainerItemProxy */ = {
			isa = PBXContainerItemProxy;
			containerPortal = 6471249D25984E9500B8D38E /* Project object */;
			proxyType = 1;
			remoteGlobalIDString = 647124A425984E9500B8D38E;
			remoteInfo = "Job Hub";
		};
		647124CA25984E9800B8D38E /* PBXContainerItemProxy */ = {
			isa = PBXContainerItemProxy;
			containerPortal = 6471249D25984E9500B8D38E /* Project object */;
			proxyType = 1;
			remoteGlobalIDString = 647124A425984E9500B8D38E;
			remoteInfo = "Job Hub";
		};
/* End PBXContainerItemProxy section */

/* Begin PBXFileReference section */
		3E1175F9AE99F10CFDF70D09 /* Pods-Job HubTests.release.xcconfig */ = {isa = PBXFileReference; includeInIndex = 1; lastKnownFileType = text.xcconfig; name = "Pods-Job HubTests.release.xcconfig"; path = "Target Support Files/Pods-Job HubTests/Pods-Job HubTests.release.xcconfig"; sourceTree = "<group>"; };
		647124A525984E9500B8D38E /* Job Hub.app */ = {isa = PBXFileReference; explicitFileType = wrapper.application; includeInIndex = 0; path = "Job Hub.app"; sourceTree = BUILT_PRODUCTS_DIR; };
		647124A825984E9500B8D38E /* AppDelegate.swift */ = {isa = PBXFileReference; lastKnownFileType = sourcecode.swift; path = AppDelegate.swift; sourceTree = "<group>"; };
		647124AC25984E9500B8D38E /* ViewController.swift */ = {isa = PBXFileReference; lastKnownFileType = sourcecode.swift; path = ViewController.swift; sourceTree = "<group>"; };
		647124AF25984E9500B8D38E /* Base */ = {isa = PBXFileReference; lastKnownFileType = file.storyboard; name = Base; path = Base.lproj/Main.storyboard; sourceTree = "<group>"; };
		647124B225984E9500B8D38E /* Job_Hub.xcdatamodel */ = {isa = PBXFileReference; lastKnownFileType = wrapper.xcdatamodel; path = Job_Hub.xcdatamodel; sourceTree = "<group>"; };
		647124B425984E9800B8D38E /* Assets.xcassets */ = {isa = PBXFileReference; lastKnownFileType = folder.assetcatalog; path = Assets.xcassets; sourceTree = "<group>"; };
		647124B725984E9800B8D38E /* Base */ = {isa = PBXFileReference; lastKnownFileType = file.storyboard; name = Base; path = Base.lproj/LaunchScreen.storyboard; sourceTree = "<group>"; };
		647124B925984E9800B8D38E /* Info.plist */ = {isa = PBXFileReference; lastKnownFileType = text.plist.xml; path = Info.plist; sourceTree = "<group>"; };
		647124BE25984E9800B8D38E /* Job HubTests.xctest */ = {isa = PBXFileReference; explicitFileType = wrapper.cfbundle; includeInIndex = 0; path = "Job HubTests.xctest"; sourceTree = BUILT_PRODUCTS_DIR; };
		647124C225984E9800B8D38E /* Job_HubTests.swift */ = {isa = PBXFileReference; lastKnownFileType = sourcecode.swift; path = Job_HubTests.swift; sourceTree = "<group>"; };
		647124C425984E9800B8D38E /* Info.plist */ = {isa = PBXFileReference; lastKnownFileType = text.plist.xml; path = Info.plist; sourceTree = "<group>"; };
		647124C925984E9800B8D38E /* Job HubUITests.xctest */ = {isa = PBXFileReference; explicitFileType = wrapper.cfbundle; includeInIndex = 0; path = "Job HubUITests.xctest"; sourceTree = BUILT_PRODUCTS_DIR; };
		647124CD25984E9800B8D38E /* Job_HubUITests.swift */ = {isa = PBXFileReference; lastKnownFileType = sourcecode.swift; path = Job_HubUITests.swift; sourceTree = "<group>"; };
		647124CF25984E9800B8D38E /* Info.plist */ = {isa = PBXFileReference; lastKnownFileType = text.plist.xml; path = Info.plist; sourceTree = "<group>"; };
		64712503259860E700B8D38E /* R.generated.swift */ = {isa = PBXFileReference; fileEncoding = 4; lastKnownFileType = sourcecode.swift; path = R.generated.swift; sourceTree = SOURCE_ROOT; };
		695EB3D3C2C525508127300C /* Pods-Job Hub-Job HubUITests.debug.xcconfig */ = {isa = PBXFileReference; includeInIndex = 1; lastKnownFileType = text.xcconfig; name = "Pods-Job Hub-Job HubUITests.debug.xcconfig"; path = "Target Support Files/Pods-Job Hub-Job HubUITests/Pods-Job Hub-Job HubUITests.debug.xcconfig"; sourceTree = "<group>"; };
		79800A8454D1E1EF04C023C5 /* Pods_Job_Hub.framework */ = {isa = PBXFileReference; explicitFileType = wrapper.framework; includeInIndex = 0; path = Pods_Job_Hub.framework; sourceTree = BUILT_PRODUCTS_DIR; };
		7EE69958CB773DD7EDFEF940 /* Pods-Job Hub.debug.xcconfig */ = {isa = PBXFileReference; includeInIndex = 1; lastKnownFileType = text.xcconfig; name = "Pods-Job Hub.debug.xcconfig"; path = "Target Support Files/Pods-Job Hub/Pods-Job Hub.debug.xcconfig"; sourceTree = "<group>"; };
		AB83F4037D48030AE25D4813 /* Pods_Job_HubTests.framework */ = {isa = PBXFileReference; explicitFileType = wrapper.framework; includeInIndex = 0; path = Pods_Job_HubTests.framework; sourceTree = BUILT_PRODUCTS_DIR; };
		AC1E1C643363E15276BE11ED /* Pods-Job Hub-Job HubUITests.release.xcconfig */ = {isa = PBXFileReference; includeInIndex = 1; lastKnownFileType = text.xcconfig; name = "Pods-Job Hub-Job HubUITests.release.xcconfig"; path = "Target Support Files/Pods-Job Hub-Job HubUITests/Pods-Job Hub-Job HubUITests.release.xcconfig"; sourceTree = "<group>"; };
		B054EA6EC22E15FF4E3C787D /* Pods-Job HubTests.debug.xcconfig */ = {isa = PBXFileReference; includeInIndex = 1; lastKnownFileType = text.xcconfig; name = "Pods-Job HubTests.debug.xcconfig"; path = "Target Support Files/Pods-Job HubTests/Pods-Job HubTests.debug.xcconfig"; sourceTree = "<group>"; };
		C5857A2409D802D92D4426E9 /* Pods_Job_Hub_Job_HubUITests.framework */ = {isa = PBXFileReference; explicitFileType = wrapper.framework; includeInIndex = 0; path = Pods_Job_Hub_Job_HubUITests.framework; sourceTree = BUILT_PRODUCTS_DIR; };
		FEF09B4CA80460960363B5A7 /* Pods-Job Hub.release.xcconfig */ = {isa = PBXFileReference; includeInIndex = 1; lastKnownFileType = text.xcconfig; name = "Pods-Job Hub.release.xcconfig"; path = "Target Support Files/Pods-Job Hub/Pods-Job Hub.release.xcconfig"; sourceTree = "<group>"; };
/* End PBXFileReference section */

/* Begin PBXFrameworksBuildPhase section */
		647124A225984E9500B8D38E /* Frameworks */ = {
			isa = PBXFrameworksBuildPhase;
			buildActionMask = 2147483647;
			files = (
				08DC6B55AD0B75D6F96E5524 /* Pods_Job_Hub.framework in Frameworks */,
			);
			runOnlyForDeploymentPostprocessing = 0;
		};
		647124BB25984E9800B8D38E /* Frameworks */ = {
			isa = PBXFrameworksBuildPhase;
			buildActionMask = 2147483647;
			files = (
				951BA35B82DB27EA93172CF2 /* Pods_Job_HubTests.framework in Frameworks */,
			);
			runOnlyForDeploymentPostprocessing = 0;
		};
		647124C625984E9800B8D38E /* Frameworks */ = {
			isa = PBXFrameworksBuildPhase;
			buildActionMask = 2147483647;
			files = (
				31098DF509CCDBA597646996 /* Pods_Job_Hub_Job_HubUITests.framework in Frameworks */,
			);
			runOnlyForDeploymentPostprocessing = 0;
		};
/* End PBXFrameworksBuildPhase section */

/* Begin PBXGroup section */
		1375AA80A131CA453F07996C /* Pods */ = {
			isa = PBXGroup;
			children = (
				7EE69958CB773DD7EDFEF940 /* Pods-Job Hub.debug.xcconfig */,
				FEF09B4CA80460960363B5A7 /* Pods-Job Hub.release.xcconfig */,
				695EB3D3C2C525508127300C /* Pods-Job Hub-Job HubUITests.debug.xcconfig */,
				AC1E1C643363E15276BE11ED /* Pods-Job Hub-Job HubUITests.release.xcconfig */,
				B054EA6EC22E15FF4E3C787D /* Pods-Job HubTests.debug.xcconfig */,
				3E1175F9AE99F10CFDF70D09 /* Pods-Job HubTests.release.xcconfig */,
			);
			path = Pods;
			sourceTree = "<group>";
		};
		6471249C25984E9500B8D38E = {
			isa = PBXGroup;
			children = (
				647124A725984E9500B8D38E /* Job Hub */,
				6471250225985FB000B8D38E /* Assets */,
				647124C125984E9800B8D38E /* Job HubTests */,
				647124CC25984E9800B8D38E /* Job HubUITests */,
				647124A625984E9500B8D38E /* Products */,
				1375AA80A131CA453F07996C /* Pods */,
				677436ACB1A4A0D93D46A6EF /* Frameworks */,
			);
			sourceTree = "<group>";
		};
		647124A625984E9500B8D38E /* Products */ = {
			isa = PBXGroup;
			children = (
				647124A525984E9500B8D38E /* Job Hub.app */,
				647124BE25984E9800B8D38E /* Job HubTests.xctest */,
				647124C925984E9800B8D38E /* Job HubUITests.xctest */,
			);
			name = Products;
			sourceTree = "<group>";
		};
		647124A725984E9500B8D38E /* Job Hub */ = {
			isa = PBXGroup;
			children = (
				647124A825984E9500B8D38E /* AppDelegate.swift */,
				647124AC25984E9500B8D38E /* ViewController.swift */,
				64712503259860E700B8D38E /* R.generated.swift */,
				647124AE25984E9500B8D38E /* Main.storyboard */,
				647124B625984E9800B8D38E /* LaunchScreen.storyboard */,
				647124B925984E9800B8D38E /* Info.plist */,
				647124B125984E9500B8D38E /* Job_Hub.xcdatamodeld */,
			);
			path = "Job Hub";
			sourceTree = "<group>";
		};
		647124C125984E9800B8D38E /* Job HubTests */ = {
			isa = PBXGroup;
			children = (
				647124C225984E9800B8D38E /* Job_HubTests.swift */,
				647124C425984E9800B8D38E /* Info.plist */,
			);
			path = "Job HubTests";
			sourceTree = "<group>";
		};
		647124CC25984E9800B8D38E /* Job HubUITests */ = {
			isa = PBXGroup;
			children = (
				647124CD25984E9800B8D38E /* Job_HubUITests.swift */,
				647124CF25984E9800B8D38E /* Info.plist */,
			);
			path = "Job HubUITests";
			sourceTree = "<group>";
		};
		6471250225985FB000B8D38E /* Assets */ = {
			isa = PBXGroup;
			children = (
				647124B425984E9800B8D38E /* Assets.xcassets */,
			);
			path = Assets;
			sourceTree = "<group>";
		};
		677436ACB1A4A0D93D46A6EF /* Frameworks */ = {
			isa = PBXGroup;
			children = (
				79800A8454D1E1EF04C023C5 /* Pods_Job_Hub.framework */,
				C5857A2409D802D92D4426E9 /* Pods_Job_Hub_Job_HubUITests.framework */,
				AB83F4037D48030AE25D4813 /* Pods_Job_HubTests.framework */,
			);
			name = Frameworks;
			sourceTree = "<group>";
		};
/* End PBXGroup section */

/* Begin PBXNativeTarget section */
		647124A425984E9500B8D38E /* Job Hub */ = {
			isa = PBXNativeTarget;
			buildConfigurationList = 647124D225984E9800B8D38E /* Build configuration list for PBXNativeTarget "Job Hub" */;
			buildPhases = (
				88A9F45E52717856AD4A28BA /* [CP] Check Pods Manifest.lock */,
				647124FE25985F2000B8D38E /* ShellScript */,
				647124A125984E9500B8D38E /* Sources */,
				647124A225984E9500B8D38E /* Frameworks */,
				647124A325984E9500B8D38E /* Resources */,
				CE7653D0E1A0FD904BE26D31 /* [CP] Embed Pods Frameworks */,
			);
			buildRules = (
			);
			dependencies = (
			);
			name = "Job Hub";
			productName = "Job Hub";
			productReference = 647124A525984E9500B8D38E /* Job Hub.app */;
			productType = "com.apple.product-type.application";
		};
		647124BD25984E9800B8D38E /* Job HubTests */ = {
			isa = PBXNativeTarget;
			buildConfigurationList = 647124D525984E9800B8D38E /* Build configuration list for PBXNativeTarget "Job HubTests" */;
			buildPhases = (
				CE460ABA2F296F8B5ADB110E /* [CP] Check Pods Manifest.lock */,
				647124BA25984E9800B8D38E /* Sources */,
				647124BB25984E9800B8D38E /* Frameworks */,
				647124BC25984E9800B8D38E /* Resources */,
			);
			buildRules = (
			);
			dependencies = (
				647124C025984E9800B8D38E /* PBXTargetDependency */,
			);
			name = "Job HubTests";
			productName = "Job HubTests";
			productReference = 647124BE25984E9800B8D38E /* Job HubTests.xctest */;
			productType = "com.apple.product-type.bundle.unit-test";
		};
		647124C825984E9800B8D38E /* Job HubUITests */ = {
			isa = PBXNativeTarget;
			buildConfigurationList = 647124D825984E9800B8D38E /* Build configuration list for PBXNativeTarget "Job HubUITests" */;
			buildPhases = (
				F93CBC4758667198AACE10C7 /* [CP] Check Pods Manifest.lock */,
				647124C525984E9800B8D38E /* Sources */,
				647124C625984E9800B8D38E /* Frameworks */,
				647124C725984E9800B8D38E /* Resources */,
				FEF382892FD9E9FCE6B5C61F /* [CP] Embed Pods Frameworks */,
			);
			buildRules = (
			);
			dependencies = (
				647124CB25984E9800B8D38E /* PBXTargetDependency */,
			);
			name = "Job HubUITests";
			productName = "Job HubUITests";
			productReference = 647124C925984E9800B8D38E /* Job HubUITests.xctest */;
			productType = "com.apple.product-type.bundle.ui-testing";
		};
/* End PBXNativeTarget section */

/* Begin PBXProject section */
		6471249D25984E9500B8D38E /* Project object */ = {
			isa = PBXProject;
			attributes = {
				LastSwiftUpdateCheck = 1200;
				LastUpgradeCheck = 1200;
				TargetAttributes = {
					647124A425984E9500B8D38E = {
						CreatedOnToolsVersion = 12.0.1;
					};
					647124BD25984E9800B8D38E = {
						CreatedOnToolsVersion = 12.0.1;
						TestTargetID = 647124A425984E9500B8D38E;
					};
					647124C825984E9800B8D38E = {
						CreatedOnToolsVersion = 12.0.1;
						TestTargetID = 647124A425984E9500B8D38E;
					};
				};
			};
			buildConfigurationList = 647124A025984E9500B8D38E /* Build configuration list for PBXProject "Job Hub" */;
			compatibilityVersion = "Xcode 9.3";
			developmentRegion = en;
			hasScannedForEncodings = 0;
			knownRegions = (
				en,
				Base,
			);
			mainGroup = 6471249C25984E9500B8D38E;
			productRefGroup = 647124A625984E9500B8D38E /* Products */;
			projectDirPath = "";
			projectRoot = "";
			targets = (
				647124A425984E9500B8D38E /* Job Hub */,
				647124BD25984E9800B8D38E /* Job HubTests */,
				647124C825984E9800B8D38E /* Job HubUITests */,
			);
		};
/* End PBXProject section */

/* Begin PBXResourcesBuildPhase section */
		647124A325984E9500B8D38E /* Resources */ = {
			isa = PBXResourcesBuildPhase;
			buildActionMask = 2147483647;
			files = (
				647124B825984E9800B8D38E /* LaunchScreen.storyboard in Resources */,
				647124B525984E9800B8D38E /* Assets.xcassets in Resources */,
				647124B025984E9500B8D38E /* Main.storyboard in Resources */,
			);
			runOnlyForDeploymentPostprocessing = 0;
		};
		647124BC25984E9800B8D38E /* Resources */ = {
			isa = PBXResourcesBuildPhase;
			buildActionMask = 2147483647;
			files = (
			);
			runOnlyForDeploymentPostprocessing = 0;
		};
		647124C725984E9800B8D38E /* Resources */ = {
			isa = PBXResourcesBuildPhase;
			buildActionMask = 2147483647;
			files = (
			);
			runOnlyForDeploymentPostprocessing = 0;
		};
/* End PBXResourcesBuildPhase section */

/* Begin PBXShellScriptBuildPhase section */
		647124FE25985F2000B8D38E /* ShellScript */ = {
			isa = PBXShellScriptBuildPhase;
			buildActionMask = 2147483647;
			files = (
			);
			inputFileListPaths = (
			);
			inputPaths = (
				"$TEMP_DIR/rswift-lastrun",
			);
			outputFileListPaths = (
			);
			outputPaths = (
				$SRCROOT/R.generated.swift,
			);
			runOnlyForDeploymentPostprocessing = 0;
			shellPath = /bin/sh;
			shellScript = "\"$PODS_ROOT/R.swift/rswift\" generate \"$SRCROOT/R.generated.swift\"\n";
		};
		88A9F45E52717856AD4A28BA /* [CP] Check Pods Manifest.lock */ = {
			isa = PBXShellScriptBuildPhase;
			buildActionMask = 2147483647;
			files = (
			);
			inputFileListPaths = (
			);
			inputPaths = (
				"${PODS_PODFILE_DIR_PATH}/Podfile.lock",
				"${PODS_ROOT}/Manifest.lock",
			);
			name = "[CP] Check Pods Manifest.lock";
			outputFileListPaths = (
			);
			outputPaths = (
				"$(DERIVED_FILE_DIR)/Pods-Job Hub-checkManifestLockResult.txt",
			);
			runOnlyForDeploymentPostprocessing = 0;
			shellPath = /bin/sh;
			shellScript = "diff \"${PODS_PODFILE_DIR_PATH}/Podfile.lock\" \"${PODS_ROOT}/Manifest.lock\" > /dev/null\nif [ $? != 0 ] ; then\n    # print error to STDERR\n    echo \"error: The sandbox is not in sync with the Podfile.lock. Run 'pod install' or update your CocoaPods installation.\" >&2\n    exit 1\nfi\n# This output is used by Xcode 'outputs' to avoid re-running this script phase.\necho \"SUCCESS\" > \"${SCRIPT_OUTPUT_FILE_0}\"\n";
			showEnvVarsInLog = 0;
		};
		CE460ABA2F296F8B5ADB110E /* [CP] Check Pods Manifest.lock */ = {
			isa = PBXShellScriptBuildPhase;
			buildActionMask = 2147483647;
			files = (
			);
			inputFileListPaths = (
			);
			inputPaths = (
				"${PODS_PODFILE_DIR_PATH}/Podfile.lock",
				"${PODS_ROOT}/Manifest.lock",
			);
			name = "[CP] Check Pods Manifest.lock";
			outputFileListPaths = (
			);
			outputPaths = (
				"$(DERIVED_FILE_DIR)/Pods-Job HubTests-checkManifestLockResult.txt",
			);
			runOnlyForDeploymentPostprocessing = 0;
			shellPath = /bin/sh;
			shellScript = "diff \"${PODS_PODFILE_DIR_PATH}/Podfile.lock\" \"${PODS_ROOT}/Manifest.lock\" > /dev/null\nif [ $? != 0 ] ; then\n    # print error to STDERR\n    echo \"error: The sandbox is not in sync with the Podfile.lock. Run 'pod install' or update your CocoaPods installation.\" >&2\n    exit 1\nfi\n# This output is used by Xcode 'outputs' to avoid re-running this script phase.\necho \"SUCCESS\" > \"${SCRIPT_OUTPUT_FILE_0}\"\n";
			showEnvVarsInLog = 0;
		};
		CE7653D0E1A0FD904BE26D31 /* [CP] Embed Pods Frameworks */ = {
			isa = PBXShellScriptBuildPhase;
			buildActionMask = 2147483647;
			files = (
			);
			inputFileListPaths = (
				"${PODS_ROOT}/Target Support Files/Pods-Job Hub/Pods-Job Hub-frameworks-${CONFIGURATION}-input-files.xcfilelist",
			);
			name = "[CP] Embed Pods Frameworks";
			outputFileListPaths = (
				"${PODS_ROOT}/Target Support Files/Pods-Job Hub/Pods-Job Hub-frameworks-${CONFIGURATION}-output-files.xcfilelist",
			);
			runOnlyForDeploymentPostprocessing = 0;
			shellPath = /bin/sh;
			shellScript = "\"${PODS_ROOT}/Target Support Files/Pods-Job Hub/Pods-Job Hub-frameworks.sh\"\n";
			showEnvVarsInLog = 0;
		};
		F93CBC4758667198AACE10C7 /* [CP] Check Pods Manifest.lock */ = {
			isa = PBXShellScriptBuildPhase;
			buildActionMask = 2147483647;
			files = (
			);
			inputFileListPaths = (
			);
			inputPaths = (
				"${PODS_PODFILE_DIR_PATH}/Podfile.lock",
				"${PODS_ROOT}/Manifest.lock",
			);
			name = "[CP] Check Pods Manifest.lock";
			outputFileListPaths = (
			);
			outputPaths = (
				"$(DERIVED_FILE_DIR)/Pods-Job Hub-Job HubUITests-checkManifestLockResult.txt",
			);
			runOnlyForDeploymentPostprocessing = 0;
			shellPath = /bin/sh;
			shellScript = "diff \"${PODS_PODFILE_DIR_PATH}/Podfile.lock\" \"${PODS_ROOT}/Manifest.lock\" > /dev/null\nif [ $? != 0 ] ; then\n    # print error to STDERR\n    echo \"error: The sandbox is not in sync with the Podfile.lock. Run 'pod install' or update your CocoaPods installation.\" >&2\n    exit 1\nfi\n# This output is used by Xcode 'outputs' to avoid re-running this script phase.\necho \"SUCCESS\" > \"${SCRIPT_OUTPUT_FILE_0}\"\n";
			showEnvVarsInLog = 0;
		};
		FEF382892FD9E9FCE6B5C61F /* [CP] Embed Pods Frameworks */ = {
			isa = PBXShellScriptBuildPhase;
			buildActionMask = 2147483647;
			files = (
			);
			inputFileListPaths = (
				"${PODS_ROOT}/Target Support Files/Pods-Job Hub-Job HubUITests/Pods-Job Hub-Job HubUITests-frameworks-${CONFIGURATION}-input-files.xcfilelist",
			);
			name = "[CP] Embed Pods Frameworks";
			outputFileListPaths = (
				"${PODS_ROOT}/Target Support Files/Pods-Job Hub-Job HubUITests/Pods-Job Hub-Job HubUITests-frameworks-${CONFIGURATION}-output-files.xcfilelist",
			);
			runOnlyForDeploymentPostprocessing = 0;
			shellPath = /bin/sh;
			shellScript = "\"${PODS_ROOT}/Target Support Files/Pods-Job Hub-Job HubUITests/Pods-Job Hub-Job HubUITests-frameworks.sh\"\n";
			showEnvVarsInLog = 0;
		};
/* End PBXShellScriptBuildPhase section */

/* Begin PBXSourcesBuildPhase section */
		647124A125984E9500B8D38E /* Sources */ = {
			isa = PBXSourcesBuildPhase;
			buildActionMask = 2147483647;
			files = (
				647124AD25984E9500B8D38E /* ViewController.swift in Sources */,
				647124B325984E9500B8D38E /* Job_Hub.xcdatamodeld in Sources */,
				647124A925984E9500B8D38E /* AppDelegate.swift in Sources */,
				64712504259860E700B8D38E /* R.generated.swift in Sources */,
			);
			runOnlyForDeploymentPostprocessing = 0;
		};
		647124BA25984E9800B8D38E /* Sources */ = {
			isa = PBXSourcesBuildPhase;
			buildActionMask = 2147483647;
			files = (
				647124C325984E9800B8D38E /* Job_HubTests.swift in Sources */,
			);
			runOnlyForDeploymentPostprocessing = 0;
		};
		647124C525984E9800B8D38E /* Sources */ = {
			isa = PBXSourcesBuildPhase;
			buildActionMask = 2147483647;
			files = (
				647124CE25984E9800B8D38E /* Job_HubUITests.swift in Sources */,
			);
			runOnlyForDeploymentPostprocessing = 0;
		};
/* End PBXSourcesBuildPhase section */

/* Begin PBXTargetDependency section */
		647124C025984E9800B8D38E /* PBXTargetDependency */ = {
			isa = PBXTargetDependency;
			target = 647124A425984E9500B8D38E /* Job Hub */;
			targetProxy = 647124BF25984E9800B8D38E /* PBXContainerItemProxy */;
		};
		647124CB25984E9800B8D38E /* PBXTargetDependency */ = {
			isa = PBXTargetDependency;
			target = 647124A425984E9500B8D38E /* Job Hub */;
			targetProxy = 647124CA25984E9800B8D38E /* PBXContainerItemProxy */;
		};
/* End PBXTargetDependency section */

/* Begin PBXVariantGroup section */
		647124AE25984E9500B8D38E /* Main.storyboard */ = {
			isa = PBXVariantGroup;
			children = (
				647124AF25984E9500B8D38E /* Base */,
			);
			name = Main.storyboard;
			sourceTree = "<group>";
		};
		647124B625984E9800B8D38E /* LaunchScreen.storyboard */ = {
			isa = PBXVariantGroup;
			children = (
				647124B725984E9800B8D38E /* Base */,
			);
			name = LaunchScreen.storyboard;
			sourceTree = "<group>";
		};
/* End PBXVariantGroup section */

/* Begin XCBuildConfiguration section */
		647124D025984E9800B8D38E /* Debug */ = {
			isa = XCBuildConfiguration;
			buildSettings = {
				ALWAYS_SEARCH_USER_PATHS = NO;
				CLANG_ANALYZER_NONNULL = YES;
				CLANG_ANALYZER_NUMBER_OBJECT_CONVERSION = YES_AGGRESSIVE;
				CLANG_CXX_LANGUAGE_STANDARD = "gnu++14";
				CLANG_CXX_LIBRARY = "libc++";
				CLANG_ENABLE_MODULES = YES;
				CLANG_ENABLE_OBJC_ARC = YES;
				CLANG_ENABLE_OBJC_WEAK = YES;
				CLANG_WARN_BLOCK_CAPTURE_AUTORELEASING = YES;
				CLANG_WARN_BOOL_CONVERSION = YES;
				CLANG_WARN_COMMA = YES;
				CLANG_WARN_CONSTANT_CONVERSION = YES;
				CLANG_WARN_DEPRECATED_OBJC_IMPLEMENTATIONS = YES;
				CLANG_WARN_DIRECT_OBJC_ISA_USAGE = YES_ERROR;
				CLANG_WARN_DOCUMENTATION_COMMENTS = YES;
				CLANG_WARN_EMPTY_BODY = YES;
				CLANG_WARN_ENUM_CONVERSION = YES;
				CLANG_WARN_INFINITE_RECURSION = YES;
				CLANG_WARN_INT_CONVERSION = YES;
				CLANG_WARN_NON_LITERAL_NULL_CONVERSION = YES;
				CLANG_WARN_OBJC_IMPLICIT_RETAIN_SELF = YES;
				CLANG_WARN_OBJC_LITERAL_CONVERSION = YES;
				CLANG_WARN_OBJC_ROOT_CLASS = YES_ERROR;
				CLANG_WARN_QUOTED_INCLUDE_IN_FRAMEWORK_HEADER = YES;
				CLANG_WARN_RANGE_LOOP_ANALYSIS = YES;
				CLANG_WARN_STRICT_PROTOTYPES = YES;
				CLANG_WARN_SUSPICIOUS_MOVE = YES;
				CLANG_WARN_UNGUARDED_AVAILABILITY = YES_AGGRESSIVE;
				CLANG_WARN_UNREACHABLE_CODE = YES;
				CLANG_WARN__DUPLICATE_METHOD_MATCH = YES;
				COPY_PHASE_STRIP = NO;
				DEBUG_INFORMATION_FORMAT = dwarf;
				ENABLE_STRICT_OBJC_MSGSEND = YES;
				ENABLE_TESTABILITY = YES;
				GCC_C_LANGUAGE_STANDARD = gnu11;
				GCC_DYNAMIC_NO_PIC = NO;
				GCC_NO_COMMON_BLOCKS = YES;
				GCC_OPTIMIZATION_LEVEL = 0;
				GCC_PREPROCESSOR_DEFINITIONS = (
					"DEBUG=1",
					"$(inherited)",
				);
				GCC_WARN_64_TO_32_BIT_CONVERSION = YES;
				GCC_WARN_ABOUT_RETURN_TYPE = YES_ERROR;
				GCC_WARN_UNDECLARED_SELECTOR = YES;
				GCC_WARN_UNINITIALIZED_AUTOS = YES_AGGRESSIVE;
				GCC_WARN_UNUSED_FUNCTION = YES;
				GCC_WARN_UNUSED_VARIABLE = YES;
				IPHONEOS_DEPLOYMENT_TARGET = 12.0;
				MTL_ENABLE_DEBUG_INFO = INCLUDE_SOURCE;
				MTL_FAST_MATH = YES;
				ONLY_ACTIVE_ARCH = YES;
				SDKROOT = iphoneos;
				SWIFT_ACTIVE_COMPILATION_CONDITIONS = DEBUG;
				SWIFT_OPTIMIZATION_LEVEL = "-Onone";
			};
			name = Debug;
		};
		647124D125984E9800B8D38E /* Release */ = {
			isa = XCBuildConfiguration;
			buildSettings = {
				ALWAYS_SEARCH_USER_PATHS = NO;
				CLANG_ANALYZER_NONNULL = YES;
				CLANG_ANALYZER_NUMBER_OBJECT_CONVERSION = YES_AGGRESSIVE;
				CLANG_CXX_LANGUAGE_STANDARD = "gnu++14";
				CLANG_CXX_LIBRARY = "libc++";
				CLANG_ENABLE_MODULES = YES;
				CLANG_ENABLE_OBJC_ARC = YES;
				CLANG_ENABLE_OBJC_WEAK = YES;
				CLANG_WARN_BLOCK_CAPTURE_AUTORELEASING = YES;
				CLANG_WARN_BOOL_CONVERSION = YES;
				CLANG_WARN_COMMA = YES;
				CLANG_WARN_CONSTANT_CONVERSION = YES;
				CLANG_WARN_DEPRECATED_OBJC_IMPLEMENTATIONS = YES;
				CLANG_WARN_DIRECT_OBJC_ISA_USAGE = YES_ERROR;
				CLANG_WARN_DOCUMENTATION_COMMENTS = YES;
				CLANG_WARN_EMPTY_BODY = YES;
				CLANG_WARN_ENUM_CONVERSION = YES;
				CLANG_WARN_INFINITE_RECURSION = YES;
				CLANG_WARN_INT_CONVERSION = YES;
				CLANG_WARN_NON_LITERAL_NULL_CONVERSION = YES;
				CLANG_WARN_OBJC_IMPLICIT_RETAIN_SELF = YES;
				CLANG_WARN_OBJC_LITERAL_CONVERSION = YES;
				CLANG_WARN_OBJC_ROOT_CLASS = YES_ERROR;
				CLANG_WARN_QUOTED_INCLUDE_IN_FRAMEWORK_HEADER = YES;
				CLANG_WARN_RANGE_LOOP_ANALYSIS = YES;
				CLANG_WARN_STRICT_PROTOTYPES = YES;
				CLANG_WARN_SUSPICIOUS_MOVE = YES;
				CLANG_WARN_UNGUARDED_AVAILABILITY = YES_AGGRESSIVE;
				CLANG_WARN_UNREACHABLE_CODE = YES;
				CLANG_WARN__DUPLICATE_METHOD_MATCH = YES;
				COPY_PHASE_STRIP = NO;
				DEBUG_INFORMATION_FORMAT = "dwarf-with-dsym";
				ENABLE_NS_ASSERTIONS = NO;
				ENABLE_STRICT_OBJC_MSGSEND = YES;
				GCC_C_LANGUAGE_STANDARD = gnu11;
				GCC_NO_COMMON_BLOCKS = YES;
				GCC_WARN_64_TO_32_BIT_CONVERSION = YES;
				GCC_WARN_ABOUT_RETURN_TYPE = YES_ERROR;
				GCC_WARN_UNDECLARED_SELECTOR = YES;
				GCC_WARN_UNINITIALIZED_AUTOS = YES_AGGRESSIVE;
				GCC_WARN_UNUSED_FUNCTION = YES;
				GCC_WARN_UNUSED_VARIABLE = YES;
				IPHONEOS_DEPLOYMENT_TARGET = 12.0;
				MTL_ENABLE_DEBUG_INFO = NO;
				MTL_FAST_MATH = YES;
				SDKROOT = iphoneos;
				SWIFT_COMPILATION_MODE = wholemodule;
				SWIFT_OPTIMIZATION_LEVEL = "-O";
				VALIDATE_PRODUCT = YES;
			};
			name = Release;
		};
		647124D325984E9800B8D38E /* Debug */ = {
			isa = XCBuildConfiguration;
			baseConfigurationReference = 7EE69958CB773DD7EDFEF940 /* Pods-Job Hub.debug.xcconfig */;
			buildSettings = {
				ASSETCATALOG_COMPILER_APPICON_NAME = AppIcon;
				ASSETCATALOG_COMPILER_GLOBAL_ACCENT_COLOR_NAME = AccentColor;
				CODE_SIGN_IDENTITY = "Apple Development";
				CODE_SIGN_STYLE = Automatic;
				DEVELOPMENT_TEAM = P9VM94332G;
				INFOPLIST_FILE = "Job Hub/Info.plist";
				LD_RUNPATH_SEARCH_PATHS = (
					"$(inherited)",
					"@executable_path/Frameworks",
				);
				PRODUCT_BUNDLE_IDENTIFIER = com.luisligunas.jobhub;
				PRODUCT_NAME = "$(TARGET_NAME)";
				PROVISIONING_PROFILE_SPECIFIER = "";
				SWIFT_VERSION = 5.0;
				TARGETED_DEVICE_FAMILY = 1;
			};
			name = Debug;
		};
		647124D425984E9800B8D38E /* Release */ = {
			isa = XCBuildConfiguration;
			baseConfigurationReference = FEF09B4CA80460960363B5A7 /* Pods-Job Hub.release.xcconfig */;
			buildSettings = {
				ASSETCATALOG_COMPILER_APPICON_NAME = AppIcon;
				ASSETCATALOG_COMPILER_GLOBAL_ACCENT_COLOR_NAME = AccentColor;
				CODE_SIGN_IDENTITY = "Apple Development";
				CODE_SIGN_STYLE = Automatic;
				DEVELOPMENT_TEAM = P9VM94332G;
				INFOPLIST_FILE = "Job Hub/Info.plist";
				LD_RUNPATH_SEARCH_PATHS = (
					"$(inherited)",
					"@executable_path/Frameworks",
				);
				PRODUCT_BUNDLE_IDENTIFIER = com.luisligunas.jobhub;
				PRODUCT_NAME = "$(TARGET_NAME)";
				PROVISIONING_PROFILE_SPECIFIER = "";
				SWIFT_VERSION = 5.0;
				TARGETED_DEVICE_FAMILY = 1;
			};
			name = Release;
		};
		647124D625984E9800B8D38E /* Debug */ = {
			isa = XCBuildConfiguration;
			baseConfigurationReference = B054EA6EC22E15FF4E3C787D /* Pods-Job HubTests.debug.xcconfig */;
			buildSettings = {
				ALWAYS_EMBED_SWIFT_STANDARD_LIBRARIES = "$(inherited)";
				BUNDLE_LOADER = "$(TEST_HOST)";
				CODE_SIGN_STYLE = Automatic;
				DEVELOPMENT_TEAM = P9VM94332G;
				INFOPLIST_FILE = "Job HubTests/Info.plist";
				IPHONEOS_DEPLOYMENT_TARGET = 14.0;
				LD_RUNPATH_SEARCH_PATHS = (
					"$(inherited)",
					"@executable_path/Frameworks",
					"@loader_path/Frameworks",
				);
				PRODUCT_BUNDLE_IDENTIFIER = "com.luisligunas.jobhub.Job-HubTests";
				PRODUCT_NAME = "$(TARGET_NAME)";
				SWIFT_VERSION = 5.0;
				TARGETED_DEVICE_FAMILY = "1,2";
				TEST_HOST = "$(BUILT_PRODUCTS_DIR)/Job Hub.app/Job Hub";
			};
			name = Debug;
		};
		647124D725984E9800B8D38E /* Release */ = {
			isa = XCBuildConfiguration;
			baseConfigurationReference = 3E1175F9AE99F10CFDF70D09 /* Pods-Job HubTests.release.xcconfig */;
			buildSettings = {
				ALWAYS_EMBED_SWIFT_STANDARD_LIBRARIES = "$(inherited)";
				BUNDLE_LOADER = "$(TEST_HOST)";
				CODE_SIGN_STYLE = Automatic;
				DEVELOPMENT_TEAM = P9VM94332G;
				INFOPLIST_FILE = "Job HubTests/Info.plist";
				IPHONEOS_DEPLOYMENT_TARGET = 14.0;
				LD_RUNPATH_SEARCH_PATHS = (
					"$(inherited)",
					"@executable_path/Frameworks",
					"@loader_path/Frameworks",
				);
				PRODUCT_BUNDLE_IDENTIFIER = "com.luisligunas.jobhub.Job-HubTests";
				PRODUCT_NAME = "$(TARGET_NAME)";
				SWIFT_VERSION = 5.0;
				TARGETED_DEVICE_FAMILY = "1,2";
				TEST_HOST = "$(BUILT_PRODUCTS_DIR)/Job Hub.app/Job Hub";
			};
			name = Release;
		};
		647124D925984E9800B8D38E /* Debug */ = {
			isa = XCBuildConfiguration;
			baseConfigurationReference = 695EB3D3C2C525508127300C /* Pods-Job Hub-Job HubUITests.debug.xcconfig */;
			buildSettings = {
				ALWAYS_EMBED_SWIFT_STANDARD_LIBRARIES = "$(inherited)";
				CODE_SIGN_STYLE = Automatic;
				DEVELOPMENT_TEAM = 6F67NT7LZM;
				INFOPLIST_FILE = "Job HubUITests/Info.plist";
				LD_RUNPATH_SEARCH_PATHS = (
					"$(inherited)",
					"@executable_path/Frameworks",
					"@loader_path/Frameworks",
				);
				PRODUCT_BUNDLE_IDENTIFIER = "com.luisligunas.jobhub.Job-HubUITests";
				PRODUCT_NAME = "$(TARGET_NAME)";
				SWIFT_VERSION = 5.0;
				TARGETED_DEVICE_FAMILY = "1,2";
				TEST_TARGET_NAME = "Job Hub";
			};
			name = Debug;
		};
		647124DA25984E9800B8D38E /* Release */ = {
			isa = XCBuildConfiguration;
			baseConfigurationReference = AC1E1C643363E15276BE11ED /* Pods-Job Hub-Job HubUITests.release.xcconfig */;
			buildSettings = {
				ALWAYS_EMBED_SWIFT_STANDARD_LIBRARIES = "$(inherited)";
				CODE_SIGN_STYLE = Automatic;
				DEVELOPMENT_TEAM = 6F67NT7LZM;
				INFOPLIST_FILE = "Job HubUITests/Info.plist";
				LD_RUNPATH_SEARCH_PATHS = (
					"$(inherited)",
					"@executable_path/Frameworks",
					"@loader_path/Frameworks",
				);
				PRODUCT_BUNDLE_IDENTIFIER = "com.luisligunas.jobhub.Job-HubUITests";
				PRODUCT_NAME = "$(TARGET_NAME)";
				SWIFT_VERSION = 5.0;
				TARGETED_DEVICE_FAMILY = "1,2";
				TEST_TARGET_NAME = "Job Hub";
			};
			name = Release;
		};
/* End XCBuildConfiguration section */

/* Begin XCConfigurationList section */
		647124A025984E9500B8D38E /* Build configuration list for PBXProject "Job Hub" */ = {
			isa = XCConfigurationList;
			buildConfigurations = (
				647124D025984E9800B8D38E /* Debug */,
				647124D125984E9800B8D38E /* Release */,
			);
			defaultConfigurationIsVisible = 0;
			defaultConfigurationName = Release;
		};
		647124D225984E9800B8D38E /* Build configuration list for PBXNativeTarget "Job Hub" */ = {
			isa = XCConfigurationList;
			buildConfigurations = (
				647124D325984E9800B8D38E /* Debug */,
				647124D425984E9800B8D38E /* Release */,
			);
			defaultConfigurationIsVisible = 0;
			defaultConfigurationName = Release;
		};
		647124D525984E9800B8D38E /* Build configuration list for PBXNativeTarget "Job HubTests" */ = {
			isa = XCConfigurationList;
			buildConfigurations = (
				647124D625984E9800B8D38E /* Debug */,
				647124D725984E9800B8D38E /* Release */,
			);
			defaultConfigurationIsVisible = 0;
			defaultConfigurationName = Release;
		};
		647124D825984E9800B8D38E /* Build configuration list for PBXNativeTarget "Job HubUITests" */ = {
			isa = XCConfigurationList;
			buildConfigurations = (
				647124D925984E9800B8D38E /* Debug */,
				647124DA25984E9800B8D38E /* Release */,
			);
			defaultConfigurationIsVisible = 0;
			defaultConfigurationName = Release;
		};
/* End XCConfigurationList section */

/* Begin XCVersionGroup section */
		647124B125984E9500B8D38E /* Job_Hub.xcdatamodeld */ = {
			isa = XCVersionGroup;
			children = (
				647124B225984E9500B8D38E /* Job_Hub.xcdatamodel */,
			);
			currentVersion = 647124B225984E9500B8D38E /* Job_Hub.xcdatamodel */;
			path = Job_Hub.xcdatamodeld;
			sourceTree = "<group>";
			versionGroupType = wrapper.xcdatamodel;
		};
/* End XCVersionGroup section */
	};
	rootObject = 6471249D25984E9500B8D38E /* Project object */;
}
