// !$*UTF8*$!
{
	archiveVersion = 1;
	classes = {
	};
	objectVersion = 51;
	objects = {

/* Begin PBXBuildFile section */
		08DC6B55AD0B75D6F96E5524 /* Pods_Job_Hub.framework in Frameworks */ = {isa = PBXBuildFile; fileRef = 79800A8454D1E1EF04C023C5 /* Pods_Job_Hub.framework */; };
		31098DF509CCDBA597646996 /* Pods_Job_Hub_Job_HubUITests.framework in Frameworks */ = {isa = PBXBuildFile; fileRef = C5857A2409D802D92D4426E9 /* Pods_Job_Hub_Job_HubUITests.framework */; };
		641DF196259AF7B500DC29B3 /* LICENSE.txt in Resources */ = {isa = PBXBuildFile; fileRef = 641DF195259AF7B500DC29B3 /* LICENSE.txt */; };
		641DF19B259AFB0500DC29B3 /* Localizable.strings in Resources */ = {isa = PBXBuildFile; fileRef = 641DF19A259AFB0500DC29B3 /* Localizable.strings */; };
		641DF1A0259B000500DC29B3 /* String+Extensions.swift in Sources */ = {isa = PBXBuildFile; fileRef = 641DF19F259B000500DC29B3 /* String+Extensions.swift */; };
		641DF1A5259B00B700DC29B3 /* NSAttributedString+Extensions.swift in Sources */ = {isa = PBXBuildFile; fileRef = 641DF1A4259B00B700DC29B3 /* NSAttributedString+Extensions.swift */; };
		641DF1B7259B4DEA00DC29B3 /* JobListNavigationController.swift in Sources */ = {isa = PBXBuildFile; fileRef = 641DF1B6259B4DE900DC29B3 /* JobListNavigationController.swift */; };
		641DF1CC259B5C4900DC29B3 /* JobListTableViewCell.swift in Sources */ = {isa = PBXBuildFile; fileRef = 641DF1CB259B5C4900DC29B3 /* JobListTableViewCell.swift */; };
		641DF1E3259B742900DC29B3 /* TextFontTheme.swift in Sources */ = {isa = PBXBuildFile; fileRef = 641DF1E2259B742900DC29B3 /* TextFontTheme.swift */; };
		641DF1E8259B743400DC29B3 /* TextColorTheme.swift in Sources */ = {isa = PBXBuildFile; fileRef = 641DF1E7259B743400DC29B3 /* TextColorTheme.swift */; };
		641DF20F259B7B0600DC29B3 /* TextThemeType.swift in Sources */ = {isa = PBXBuildFile; fileRef = 641DF20E259B7B0600DC29B3 /* TextThemeType.swift */; };
		641DF217259B7C6A00DC29B3 /* UILabel+Extensions.swift in Sources */ = {isa = PBXBuildFile; fileRef = 641DF216259B7C6A00DC29B3 /* UILabel+Extensions.swift */; };
		641DF21C259B7D7C00DC29B3 /* UITextView+Extensions.swift in Sources */ = {isa = PBXBuildFile; fileRef = 641DF21B259B7D7C00DC29B3 /* UITextView+Extensions.swift */; };
		641DF238259BA12900DC29B3 /* CompanyImageProvider.swift in Sources */ = {isa = PBXBuildFile; fileRef = 641DF237259BA12900DC29B3 /* CompanyImageProvider.swift */; };
		641DF240259BA4F400DC29B3 /* KingFisherImageService.swift in Sources */ = {isa = PBXBuildFile; fileRef = 641DF23F259BA4F400DC29B3 /* KingFisherImageService.swift */; };
		641DF24E259BB30300DC29B3 /* JobListUnitTests.swift in Sources */ = {isa = PBXBuildFile; fileRef = 641DF24D259BB30300DC29B3 /* JobListUnitTests.swift */; };
		641DF25F259BC6C000DC29B3 /* JobDetailsUnitTests.swift in Sources */ = {isa = PBXBuildFile; fileRef = 641DF25E259BC6C000DC29B3 /* JobDetailsUnitTests.swift */; };
		644EF1EB2598E35800B8A1D9 /* APIManager.swift in Sources */ = {isa = PBXBuildFile; fileRef = 644EF1EA2598E35800B8A1D9 /* APIManager.swift */; };
		644EF1FB2598E3DC00B8A1D9 /* GitHubJobsAPI.swift in Sources */ = {isa = PBXBuildFile; fileRef = 644EF1FA2598E3DC00B8A1D9 /* GitHubJobsAPI.swift */; };
		644EF20B2598E52E00B8A1D9 /* GetJobListOptions.swift in Sources */ = {isa = PBXBuildFile; fileRef = 644EF20A2598E52E00B8A1D9 /* GetJobListOptions.swift */; };
		644EF2102598E54500B8A1D9 /* RequestParameter.swift in Sources */ = {isa = PBXBuildFile; fileRef = 644EF20F2598E54500B8A1D9 /* RequestParameter.swift */; };
		644EF2182598E5D800B8A1D9 /* GetJobListResponse.swift in Sources */ = {isa = PBXBuildFile; fileRef = 644EF2172598E5D800B8A1D9 /* GetJobListResponse.swift */; };
		644EF2352598F45D00B8A1D9 /* JobListViewController.swift in Sources */ = {isa = PBXBuildFile; fileRef = 644EF2342598F45D00B8A1D9 /* JobListViewController.swift */; };
		644EF23A2598F8C100B8A1D9 /* JobListViewModel.swift in Sources */ = {isa = PBXBuildFile; fileRef = 644EF2392598F8C100B8A1D9 /* JobListViewModel.swift */; };
		644EF2402598F92D00B8A1D9 /* Job.swift in Sources */ = {isa = PBXBuildFile; fileRef = 644EF23F2598F92D00B8A1D9 /* Job.swift */; };
		644EF2482598FC7300B8A1D9 /* JobListProvider.swift in Sources */ = {isa = PBXBuildFile; fileRef = 644EF2472598FC7300B8A1D9 /* JobListProvider.swift */; };
		644EF24E2598FCDF00B8A1D9 /* GitHubJobListService.swift in Sources */ = {isa = PBXBuildFile; fileRef = 644EF24D2598FCDF00B8A1D9 /* GitHubJobListService.swift */; };
		644EF25D2598FEE400B8A1D9 /* JHError.swift in Sources */ = {isa = PBXBuildFile; fileRef = 644EF25C2598FEE400B8A1D9 /* JHError.swift */; };
		644EF266259902D400B8A1D9 /* Date+Extensions.swift in Sources */ = {isa = PBXBuildFile; fileRef = 644EF265259902D400B8A1D9 /* Date+Extensions.swift */; };
		64514C3D2599EA4B00641A6C /* JobDetailsViewController.swift in Sources */ = {isa = PBXBuildFile; fileRef = 64514C3C2599EA4B00641A6C /* JobDetailsViewController.swift */; };
		64514C422599EAF000641A6C /* JobDetailsViewModel.swift in Sources */ = {isa = PBXBuildFile; fileRef = 64514C412599EAF000641A6C /* JobDetailsViewModel.swift */; };
		64514C482599EB2900641A6C /* JobDetailsProvider.swift in Sources */ = {isa = PBXBuildFile; fileRef = 64514C472599EB2900641A6C /* JobDetailsProvider.swift */; };
		64514C4D2599EBC000641A6C /* LocalJobDetailsService.swift in Sources */ = {isa = PBXBuildFile; fileRef = 64514C4C2599EBC000641A6C /* LocalJobDetailsService.swift */; };
		64514C532599F9C900641A6C /* JobDetailsMainDetailsTableViewCell.swift in Sources */ = {isa = PBXBuildFile; fileRef = 64514C522599F9C800641A6C /* JobDetailsMainDetailsTableViewCell.swift */; };
		64514C582599FA1200641A6C /* JobDetailsJobDescriptionTableViewCell.swift in Sources */ = {isa = PBXBuildFile; fileRef = 64514C572599FA1200641A6C /* JobDetailsJobDescriptionTableViewCell.swift */; };
		64514C5D2599FA1F00641A6C /* JobDetailsHowToApplyTableViewCell.swift in Sources */ = {isa = PBXBuildFile; fileRef = 64514C5C2599FA1F00641A6C /* JobDetailsHowToApplyTableViewCell.swift */; };
		64514C622599FC1500641A6C /* UIView+Extensions.swift in Sources */ = {isa = PBXBuildFile; fileRef = 64514C612599FC1500641A6C /* UIView+Extensions.swift */; };
		64514C672599FCDE00641A6C /* JobDetailsSectionItem.swift in Sources */ = {isa = PBXBuildFile; fileRef = 64514C662599FCDE00641A6C /* JobDetailsSectionItem.swift */; };
		64514C6F259A688800641A6C /* UIImage+Extensions.swift in Sources */ = {isa = PBXBuildFile; fileRef = 64514C6E259A688800641A6C /* UIImage+Extensions.swift */; };
		64514C7B259AED1200641A6C /* Roboto-Regular.ttf in Resources */ = {isa = PBXBuildFile; fileRef = 64514C77259AED1100641A6C /* Roboto-Regular.ttf */; };
		64514C7C259AED1200641A6C /* Roboto-Light.ttf in Resources */ = {isa = PBXBuildFile; fileRef = 64514C78259AED1100641A6C /* Roboto-Light.ttf */; };
		64514C7D259AED1200641A6C /* Roboto-Bold.ttf in Resources */ = {isa = PBXBuildFile; fileRef = 64514C79259AED1100641A6C /* Roboto-Bold.ttf */; };
		64514C7E259AED1200641A6C /* Roboto-Thin.ttf in Resources */ = {isa = PBXBuildFile; fileRef = 64514C7A259AED1200641A6C /* Roboto-Thin.ttf */; };
		647124A925984E9500B8D38E /* AppDelegate.swift in Sources */ = {isa = PBXBuildFile; fileRef = 647124A825984E9500B8D38E /* AppDelegate.swift */; };
		647124B025984E9500B8D38E /* Main.storyboard in Resources */ = {isa = PBXBuildFile; fileRef = 647124AE25984E9500B8D38E /* Main.storyboard */; };
		647124B325984E9500B8D38E /* Job_Hub.xcdatamodeld in Sources */ = {isa = PBXBuildFile; fileRef = 647124B125984E9500B8D38E /* Job_Hub.xcdatamodeld */; };
		647124B525984E9800B8D38E /* Assets.xcassets in Resources */ = {isa = PBXBuildFile; fileRef = 647124B425984E9800B8D38E /* Assets.xcassets */; };
		647124B825984E9800B8D38E /* LaunchScreen.storyboard in Resources */ = {isa = PBXBuildFile; fileRef = 647124B625984E9800B8D38E /* LaunchScreen.storyboard */; };
		647124CE25984E9800B8D38E /* Job_HubUITests.swift in Sources */ = {isa = PBXBuildFile; fileRef = 647124CD25984E9800B8D38E /* Job_HubUITests.swift */; };
		64712504259860E700B8D38E /* R.generated.swift in Sources */ = {isa = PBXBuildFile; fileRef = 64712503259860E700B8D38E /* R.generated.swift */; };
		6471253A2598882B00B8D38E /* OFL.txt in Resources */ = {isa = PBXBuildFile; fileRef = 647125372598882B00B8D38E /* OFL.txt */; };
		6471253B2598882B00B8D38E /* Glegoo-Regular.ttf in Resources */ = {isa = PBXBuildFile; fileRef = 647125382598882B00B8D38E /* Glegoo-Regular.ttf */; };
		6471253C2598882B00B8D38E /* Glegoo-Bold.ttf in Resources */ = {isa = PBXBuildFile; fileRef = 647125392598882B00B8D38E /* Glegoo-Bold.ttf */; };
		6471254425988F9600B8D38E /* UIColor+Extensions.swift in Sources */ = {isa = PBXBuildFile; fileRef = 6471254325988F9600B8D38E /* UIColor+Extensions.swift */; };
		647125772598B96500B8D38E /* Theme.swift in Sources */ = {isa = PBXBuildFile; fileRef = 647125762598B96500B8D38E /* Theme.swift */; };
		647125882598BD4500B8D38E /* ThemeService.swift in Sources */ = {isa = PBXBuildFile; fileRef = 647125872598BD4500B8D38E /* ThemeService.swift */; };
		951BA35B82DB27EA93172CF2 /* Pods_Job_HubTests.framework in Frameworks */ = {isa = PBXBuildFile; fileRef = AB83F4037D48030AE25D4813 /* Pods_Job_HubTests.framework */; };
/* End PBXBuildFile section */

/* Begin PBXContainerItemProxy section */
		647124BF25984E9800B8D38E /* PBXContainerItemProxy */ = {
			isa = PBXContainerItemProxy;
			containerPortal = 6471249D25984E9500B8D38E /* Project object */;
			proxyType = 1;
			remoteGlobalIDString = 647124A425984E9500B8D38E;
			remoteInfo = "Job Hub";
		};
		647124CA25984E9800B8D38E /* PBXContainerItemProxy */ = {
			isa = PBXContainerItemProxy;
			containerPortal = 6471249D25984E9500B8D38E /* Project object */;
			proxyType = 1;
			remoteGlobalIDString = 647124A425984E9500B8D38E;
			remoteInfo = "Job Hub";
		};
/* End PBXContainerItemProxy section */

/* Begin PBXFileReference section */
		3E1175F9AE99F10CFDF70D09 /* Pods-Job HubTests.release.xcconfig */ = {isa = PBXFileReference; includeInIndex = 1; lastKnownFileType = text.xcconfig; name = "Pods-Job HubTests.release.xcconfig"; path = "Target Support Files/Pods-Job HubTests/Pods-Job HubTests.release.xcconfig"; sourceTree = "<group>"; };
		641DF195259AF7B500DC29B3 /* LICENSE.txt */ = {isa = PBXFileReference; fileEncoding = 4; lastKnownFileType = text; path = LICENSE.txt; sourceTree = "<group>"; };
		641DF19A259AFB0500DC29B3 /* Localizable.strings */ = {isa = PBXFileReference; lastKnownFileType = text.plist.strings; path = Localizable.strings; sourceTree = "<group>"; };
		641DF19F259B000500DC29B3 /* String+Extensions.swift */ = {isa = PBXFileReference; lastKnownFileType = sourcecode.swift; path = "String+Extensions.swift"; sourceTree = "<group>"; };
		641DF1A4259B00B700DC29B3 /* NSAttributedString+Extensions.swift */ = {isa = PBXFileReference; lastKnownFileType = sourcecode.swift; path = "NSAttributedString+Extensions.swift"; sourceTree = "<group>"; };
		641DF1B6259B4DE900DC29B3 /* JobListNavigationController.swift */ = {isa = PBXFileReference; lastKnownFileType = sourcecode.swift; path = JobListNavigationController.swift; sourceTree = "<group>"; };
		641DF1CB259B5C4900DC29B3 /* JobListTableViewCell.swift */ = {isa = PBXFileReference; lastKnownFileType = sourcecode.swift; path = JobListTableViewCell.swift; sourceTree = "<group>"; };
		641DF1E2259B742900DC29B3 /* TextFontTheme.swift */ = {isa = PBXFileReference; lastKnownFileType = sourcecode.swift; path = TextFontTheme.swift; sourceTree = "<group>"; };
		641DF1E7259B743400DC29B3 /* TextColorTheme.swift */ = {isa = PBXFileReference; lastKnownFileType = sourcecode.swift; path = TextColorTheme.swift; sourceTree = "<group>"; };
		641DF20E259B7B0600DC29B3 /* TextThemeType.swift */ = {isa = PBXFileReference; lastKnownFileType = sourcecode.swift; path = TextThemeType.swift; sourceTree = "<group>"; };
		641DF216259B7C6A00DC29B3 /* UILabel+Extensions.swift */ = {isa = PBXFileReference; lastKnownFileType = sourcecode.swift; path = "UILabel+Extensions.swift"; sourceTree = "<group>"; };
		641DF21B259B7D7C00DC29B3 /* UITextView+Extensions.swift */ = {isa = PBXFileReference; lastKnownFileType = sourcecode.swift; path = "UITextView+Extensions.swift"; sourceTree = "<group>"; };
		641DF237259BA12900DC29B3 /* CompanyImageProvider.swift */ = {isa = PBXFileReference; lastKnownFileType = sourcecode.swift; path = CompanyImageProvider.swift; sourceTree = "<group>"; };
		641DF23F259BA4F400DC29B3 /* KingFisherImageService.swift */ = {isa = PBXFileReference; lastKnownFileType = sourcecode.swift; path = KingFisherImageService.swift; sourceTree = "<group>"; };
		641DF24D259BB30300DC29B3 /* JobListUnitTests.swift */ = {isa = PBXFileReference; lastKnownFileType = sourcecode.swift; path = JobListUnitTests.swift; sourceTree = "<group>"; };
		641DF25E259BC6C000DC29B3 /* JobDetailsUnitTests.swift */ = {isa = PBXFileReference; lastKnownFileType = sourcecode.swift; path = JobDetailsUnitTests.swift; sourceTree = "<group>"; };
		644EF1EA2598E35800B8A1D9 /* APIManager.swift */ = {isa = PBXFileReference; lastKnownFileType = sourcecode.swift; path = APIManager.swift; sourceTree = "<group>"; };
		644EF1FA2598E3DC00B8A1D9 /* GitHubJobsAPI.swift */ = {isa = PBXFileReference; lastKnownFileType = sourcecode.swift; path = GitHubJobsAPI.swift; sourceTree = "<group>"; };
		644EF20A2598E52E00B8A1D9 /* GetJobListOptions.swift */ = {isa = PBXFileReference; lastKnownFileType = sourcecode.swift; path = GetJobListOptions.swift; sourceTree = "<group>"; };
		644EF20F2598E54500B8A1D9 /* RequestParameter.swift */ = {isa = PBXFileReference; lastKnownFileType = sourcecode.swift; path = RequestParameter.swift; sourceTree = "<group>"; };
		644EF2172598E5D800B8A1D9 /* GetJobListResponse.swift */ = {isa = PBXFileReference; lastKnownFileType = sourcecode.swift; path = GetJobListResponse.swift; sourceTree = "<group>"; };
		644EF2342598F45D00B8A1D9 /* JobListViewController.swift */ = {isa = PBXFileReference; lastKnownFileType = sourcecode.swift; path = JobListViewController.swift; sourceTree = "<group>"; };
		644EF2392598F8C100B8A1D9 /* JobListViewModel.swift */ = {isa = PBXFileReference; lastKnownFileType = sourcecode.swift; path = JobListViewModel.swift; sourceTree = "<group>"; };
		644EF23F2598F92D00B8A1D9 /* Job.swift */ = {isa = PBXFileReference; lastKnownFileType = sourcecode.swift; path = Job.swift; sourceTree = "<group>"; };
		644EF2472598FC7300B8A1D9 /* JobListProvider.swift */ = {isa = PBXFileReference; lastKnownFileType = sourcecode.swift; path = JobListProvider.swift; sourceTree = "<group>"; };
		644EF24D2598FCDF00B8A1D9 /* GitHubJobListService.swift */ = {isa = PBXFileReference; lastKnownFileType = sourcecode.swift; path = GitHubJobListService.swift; sourceTree = "<group>"; };
		644EF25C2598FEE400B8A1D9 /* JHError.swift */ = {isa = PBXFileReference; lastKnownFileType = sourcecode.swift; path = JHError.swift; sourceTree = "<group>"; };
		644EF265259902D400B8A1D9 /* Date+Extensions.swift */ = {isa = PBXFileReference; lastKnownFileType = sourcecode.swift; path = "Date+Extensions.swift"; sourceTree = "<group>"; };
		64514C3C2599EA4B00641A6C /* JobDetailsViewController.swift */ = {isa = PBXFileReference; lastKnownFileType = sourcecode.swift; path = JobDetailsViewController.swift; sourceTree = "<group>"; };
		64514C412599EAF000641A6C /* JobDetailsViewModel.swift */ = {isa = PBXFileReference; lastKnownFileType = sourcecode.swift; path = JobDetailsViewModel.swift; sourceTree = "<group>"; };
		64514C472599EB2900641A6C /* JobDetailsProvider.swift */ = {isa = PBXFileReference; lastKnownFileType = sourcecode.swift; path = JobDetailsProvider.swift; sourceTree = "<group>"; };
		64514C4C2599EBC000641A6C /* LocalJobDetailsService.swift */ = {isa = PBXFileReference; lastKnownFileType = sourcecode.swift; path = LocalJobDetailsService.swift; sourceTree = "<group>"; };
		64514C522599F9C800641A6C /* JobDetailsMainDetailsTableViewCell.swift */ = {isa = PBXFileReference; lastKnownFileType = sourcecode.swift; path = JobDetailsMainDetailsTableViewCell.swift; sourceTree = "<group>"; };
		64514C572599FA1200641A6C /* JobDetailsJobDescriptionTableViewCell.swift */ = {isa = PBXFileReference; lastKnownFileType = sourcecode.swift; path = JobDetailsJobDescriptionTableViewCell.swift; sourceTree = "<group>"; };
		64514C5C2599FA1F00641A6C /* JobDetailsHowToApplyTableViewCell.swift */ = {isa = PBXFileReference; lastKnownFileType = sourcecode.swift; path = JobDetailsHowToApplyTableViewCell.swift; sourceTree = "<group>"; };
		64514C612599FC1500641A6C /* UIView+Extensions.swift */ = {isa = PBXFileReference; lastKnownFileType = sourcecode.swift; path = "UIView+Extensions.swift"; sourceTree = "<group>"; };
		64514C662599FCDE00641A6C /* JobDetailsSectionItem.swift */ = {isa = PBXFileReference; lastKnownFileType = sourcecode.swift; path = JobDetailsSectionItem.swift; sourceTree = "<group>"; };
		64514C6E259A688800641A6C /* UIImage+Extensions.swift */ = {isa = PBXFileReference; lastKnownFileType = sourcecode.swift; path = "UIImage+Extensions.swift"; sourceTree = "<group>"; };
		64514C77259AED1100641A6C /* Roboto-Regular.ttf */ = {isa = PBXFileReference; lastKnownFileType = file; path = "Roboto-Regular.ttf"; sourceTree = "<group>"; };
		64514C78259AED1100641A6C /* Roboto-Light.ttf */ = {isa = PBXFileReference; lastKnownFileType = file; path = "Roboto-Light.ttf"; sourceTree = "<group>"; };
		64514C79259AED1100641A6C /* Roboto-Bold.ttf */ = {isa = PBXFileReference; lastKnownFileType = file; path = "Roboto-Bold.ttf"; sourceTree = "<group>"; };
		64514C7A259AED1200641A6C /* Roboto-Thin.ttf */ = {isa = PBXFileReference; lastKnownFileType = file; path = "Roboto-Thin.ttf"; sourceTree = "<group>"; };
		647124A525984E9500B8D38E /* Job Hub.app */ = {isa = PBXFileReference; explicitFileType = wrapper.application; includeInIndex = 0; path = "Job Hub.app"; sourceTree = BUILT_PRODUCTS_DIR; };
		647124A825984E9500B8D38E /* AppDelegate.swift */ = {isa = PBXFileReference; lastKnownFileType = sourcecode.swift; path = AppDelegate.swift; sourceTree = "<group>"; };
		647124AF25984E9500B8D38E /* Base */ = {isa = PBXFileReference; lastKnownFileType = file.storyboard; name = Base; path = Base.lproj/Main.storyboard; sourceTree = "<group>"; };
		647124B225984E9500B8D38E /* Job_Hub.xcdatamodel */ = {isa = PBXFileReference; lastKnownFileType = wrapper.xcdatamodel; path = Job_Hub.xcdatamodel; sourceTree = "<group>"; };
		647124B425984E9800B8D38E /* Assets.xcassets */ = {isa = PBXFileReference; lastKnownFileType = folder.assetcatalog; path = Assets.xcassets; sourceTree = "<group>"; };
		647124B725984E9800B8D38E /* Base */ = {isa = PBXFileReference; lastKnownFileType = file.storyboard; name = Base; path = Base.lproj/LaunchScreen.storyboard; sourceTree = "<group>"; };
		647124B925984E9800B8D38E /* Info.plist */ = {isa = PBXFileReference; lastKnownFileType = text.plist.xml; path = Info.plist; sourceTree = "<group>"; };
		647124BE25984E9800B8D38E /* Job HubTests.xctest */ = {isa = PBXFileReference; explicitFileType = wrapper.cfbundle; includeInIndex = 0; path = "Job HubTests.xctest"; sourceTree = BUILT_PRODUCTS_DIR; };
		647124C425984E9800B8D38E /* Info.plist */ = {isa = PBXFileReference; lastKnownFileType = text.plist.xml; path = Info.plist; sourceTree = "<group>"; };
		647124C925984E9800B8D38E /* Job HubUITests.xctest */ = {isa = PBXFileReference; explicitFileType = wrapper.cfbundle; includeInIndex = 0; path = "Job HubUITests.xctest"; sourceTree = BUILT_PRODUCTS_DIR; };
		647124CD25984E9800B8D38E /* Job_HubUITests.swift */ = {isa = PBXFileReference; lastKnownFileType = sourcecode.swift; path = Job_HubUITests.swift; sourceTree = "<group>"; };
		647124CF25984E9800B8D38E /* Info.plist */ = {isa = PBXFileReference; lastKnownFileType = text.plist.xml; path = Info.plist; sourceTree = "<group>"; };
		64712503259860E700B8D38E /* R.generated.swift */ = {isa = PBXFileReference; fileEncoding = 4; lastKnownFileType = sourcecode.swift; path = R.generated.swift; sourceTree = SOURCE_ROOT; };
		647125372598882B00B8D38E /* OFL.txt */ = {isa = PBXFileReference; fileEncoding = 4; lastKnownFileType = text; path = OFL.txt; sourceTree = "<group>"; };
		647125382598882B00B8D38E /* Glegoo-Regular.ttf */ = {isa = PBXFileReference; lastKnownFileType = file; path = "Glegoo-Regular.ttf"; sourceTree = "<group>"; };
		647125392598882B00B8D38E /* Glegoo-Bold.ttf */ = {isa = PBXFileReference; lastKnownFileType = file; path = "Glegoo-Bold.ttf"; sourceTree = "<group>"; };
		6471254325988F9600B8D38E /* UIColor+Extensions.swift */ = {isa = PBXFileReference; lastKnownFileType = sourcecode.swift; path = "UIColor+Extensions.swift"; sourceTree = "<group>"; };
		647125762598B96500B8D38E /* Theme.swift */ = {isa = PBXFileReference; lastKnownFileType = sourcecode.swift; path = Theme.swift; sourceTree = "<group>"; };
		647125872598BD4500B8D38E /* ThemeService.swift */ = {isa = PBXFileReference; lastKnownFileType = sourcecode.swift; path = ThemeService.swift; sourceTree = "<group>"; };
		695EB3D3C2C525508127300C /* Pods-Job Hub-Job HubUITests.debug.xcconfig */ = {isa = PBXFileReference; includeInIndex = 1; lastKnownFileType = text.xcconfig; name = "Pods-Job Hub-Job HubUITests.debug.xcconfig"; path = "Target Support Files/Pods-Job Hub-Job HubUITests/Pods-Job Hub-Job HubUITests.debug.xcconfig"; sourceTree = "<group>"; };
		79800A8454D1E1EF04C023C5 /* Pods_Job_Hub.framework */ = {isa = PBXFileReference; explicitFileType = wrapper.framework; includeInIndex = 0; path = Pods_Job_Hub.framework; sourceTree = BUILT_PRODUCTS_DIR; };
		7EE69958CB773DD7EDFEF940 /* Pods-Job Hub.debug.xcconfig */ = {isa = PBXFileReference; includeInIndex = 1; lastKnownFileType = text.xcconfig; name = "Pods-Job Hub.debug.xcconfig"; path = "Target Support Files/Pods-Job Hub/Pods-Job Hub.debug.xcconfig"; sourceTree = "<group>"; };
		AB83F4037D48030AE25D4813 /* Pods_Job_HubTests.framework */ = {isa = PBXFileReference; explicitFileType = wrapper.framework; includeInIndex = 0; path = Pods_Job_HubTests.framework; sourceTree = BUILT_PRODUCTS_DIR; };
		AC1E1C643363E15276BE11ED /* Pods-Job Hub-Job HubUITests.release.xcconfig */ = {isa = PBXFileReference; includeInIndex = 1; lastKnownFileType = text.xcconfig; name = "Pods-Job Hub-Job HubUITests.release.xcconfig"; path = "Target Support Files/Pods-Job Hub-Job HubUITests/Pods-Job Hub-Job HubUITests.release.xcconfig"; sourceTree = "<group>"; };
		B054EA6EC22E15FF4E3C787D /* Pods-Job HubTests.debug.xcconfig */ = {isa = PBXFileReference; includeInIndex = 1; lastKnownFileType = text.xcconfig; name = "Pods-Job HubTests.debug.xcconfig"; path = "Target Support Files/Pods-Job HubTests/Pods-Job HubTests.debug.xcconfig"; sourceTree = "<group>"; };
		C5857A2409D802D92D4426E9 /* Pods_Job_Hub_Job_HubUITests.framework */ = {isa = PBXFileReference; explicitFileType = wrapper.framework; includeInIndex = 0; path = Pods_Job_Hub_Job_HubUITests.framework; sourceTree = BUILT_PRODUCTS_DIR; };
		FEF09B4CA80460960363B5A7 /* Pods-Job Hub.release.xcconfig */ = {isa = PBXFileReference; includeInIndex = 1; lastKnownFileType = text.xcconfig; name = "Pods-Job Hub.release.xcconfig"; path = "Target Support Files/Pods-Job Hub/Pods-Job Hub.release.xcconfig"; sourceTree = "<group>"; };
/* End PBXFileReference section */

/* Begin PBXFrameworksBuildPhase section */
		647124A225984E9500B8D38E /* Frameworks */ = {
			isa = PBXFrameworksBuildPhase;
			buildActionMask = 2147483647;
			files = (
				08DC6B55AD0B75D6F96E5524 /* Pods_Job_Hub.framework in Frameworks */,
			);
			runOnlyForDeploymentPostprocessing = 0;
		};
		647124BB25984E9800B8D38E /* Frameworks */ = {
			isa = PBXFrameworksBuildPhase;
			buildActionMask = 2147483647;
			files = (
				951BA35B82DB27EA93172CF2 /* Pods_Job_HubTests.framework in Frameworks */,
			);
			runOnlyForDeploymentPostprocessing = 0;
		};
		647124C625984E9800B8D38E /* Frameworks */ = {
			isa = PBXFrameworksBuildPhase;
			buildActionMask = 2147483647;
			files = (
				31098DF509CCDBA597646996 /* Pods_Job_Hub_Job_HubUITests.framework in Frameworks */,
			);
			runOnlyForDeploymentPostprocessing = 0;
		};
/* End PBXFrameworksBuildPhase section */

/* Begin PBXGroup section */
		1375AA80A131CA453F07996C /* Pods */ = {
			isa = PBXGroup;
			children = (
				7EE69958CB773DD7EDFEF940 /* Pods-Job Hub.debug.xcconfig */,
				FEF09B4CA80460960363B5A7 /* Pods-Job Hub.release.xcconfig */,
				695EB3D3C2C525508127300C /* Pods-Job Hub-Job HubUITests.debug.xcconfig */,
				AC1E1C643363E15276BE11ED /* Pods-Job Hub-Job HubUITests.release.xcconfig */,
				B054EA6EC22E15FF4E3C787D /* Pods-Job HubTests.debug.xcconfig */,
				3E1175F9AE99F10CFDF70D09 /* Pods-Job HubTests.release.xcconfig */,
			);
			path = Pods;
			sourceTree = "<group>";
		};
		641DF20D259B7AEE00DC29B3 /* TextTheme */ = {
			isa = PBXGroup;
			children = (
				641DF1E7259B743400DC29B3 /* TextColorTheme.swift */,
				641DF1E2259B742900DC29B3 /* TextFontTheme.swift */,
				641DF20E259B7B0600DC29B3 /* TextThemeType.swift */,
			);
			path = TextTheme;
			sourceTree = "<group>";
		};
		641DF235259BA0B900DC29B3 /* Providers */ = {
			isa = PBXGroup;
			children = (
				641DF236259BA11A00DC29B3 /* CompanyImageProvider */,
				64514C462599EB1800641A6C /* JobDetailsProvider */,
				644EF24C2598FCC400B8A1D9 /* JobListProvider */,
			);
			path = Providers;
			sourceTree = "<group>";
		};
		641DF236259BA11A00DC29B3 /* CompanyImageProvider */ = {
			isa = PBXGroup;
			children = (
				641DF237259BA12900DC29B3 /* CompanyImageProvider.swift */,
				641DF23F259BA4F400DC29B3 /* KingFisherImageService.swift */,
			);
			path = CompanyImageProvider;
			sourceTree = "<group>";
		};
		644EF1E92598E34100B8A1D9 /* Networking */ = {
			isa = PBXGroup;
			children = (
				644EF1EA2598E35800B8A1D9 /* APIManager.swift */,
				644EF20F2598E54500B8A1D9 /* RequestParameter.swift */,
				644EF1FF2598E3DF00B8A1D9 /* GitHubJobs */,
			);
			path = Networking;
			sourceTree = "<group>";
		};
		644EF1FF2598E3DF00B8A1D9 /* GitHubJobs */ = {
			isa = PBXGroup;
			children = (
				644EF1FA2598E3DC00B8A1D9 /* GitHubJobsAPI.swift */,
				644EF2032598E51000B8A1D9 /* GetJobList */,
			);
			path = GitHubJobs;
			sourceTree = "<group>";
		};
		644EF2032598E51000B8A1D9 /* GetJobList */ = {
			isa = PBXGroup;
			children = (
				644EF20A2598E52E00B8A1D9 /* GetJobListOptions.swift */,
				644EF2172598E5D800B8A1D9 /* GetJobListResponse.swift */,
			);
			path = GetJobList;
			sourceTree = "<group>";
		};
		644EF2332598F44E00B8A1D9 /* Job List */ = {
			isa = PBXGroup;
			children = (
				641DF1B6259B4DE900DC29B3 /* JobListNavigationController.swift */,
				644EF2342598F45D00B8A1D9 /* JobListViewController.swift */,
				641DF1CB259B5C4900DC29B3 /* JobListTableViewCell.swift */,
				644EF2392598F8C100B8A1D9 /* JobListViewModel.swift */,
			);
			path = "Job List";
			sourceTree = "<group>";
		};
		644EF23E2598F92100B8A1D9 /* Models */ = {
			isa = PBXGroup;
			children = (
				644EF23F2598F92D00B8A1D9 /* Job.swift */,
			);
			path = Models;
			sourceTree = "<group>";
		};
		644EF24C2598FCC400B8A1D9 /* JobListProvider */ = {
			isa = PBXGroup;
			children = (
				644EF2472598FC7300B8A1D9 /* JobListProvider.swift */,
				644EF24D2598FCDF00B8A1D9 /* GitHubJobListService.swift */,
			);
			path = JobListProvider;
			sourceTree = "<group>";
		};
		644EF2522598FD9C00B8A1D9 /* Common */ = {
			isa = PBXGroup;
			children = (
				644EF25C2598FEE400B8A1D9 /* JHError.swift */,
				644EF264259902C700B8A1D9 /* Extensions */,
			);
			path = Common;
			sourceTree = "<group>";
		};
		644EF264259902C700B8A1D9 /* Extensions */ = {
			isa = PBXGroup;
			children = (
				644EF265259902D400B8A1D9 /* Date+Extensions.swift */,
				641DF1A4259B00B700DC29B3 /* NSAttributedString+Extensions.swift */,
				641DF19F259B000500DC29B3 /* String+Extensions.swift */,
				64514C6E259A688800641A6C /* UIImage+Extensions.swift */,
				641DF216259B7C6A00DC29B3 /* UILabel+Extensions.swift */,
				641DF21B259B7D7C00DC29B3 /* UITextView+Extensions.swift */,
				64514C612599FC1500641A6C /* UIView+Extensions.swift */,
			);
			path = Extensions;
			sourceTree = "<group>";
		};
		64514C3B2599EA3300641A6C /* Job Details */ = {
			isa = PBXGroup;
			children = (
				64514C3C2599EA4B00641A6C /* JobDetailsViewController.swift */,
				64514C662599FCDE00641A6C /* JobDetailsSectionItem.swift */,
				64514C512599F90400641A6C /* JobDetailsTableViewCells */,
				64514C412599EAF000641A6C /* JobDetailsViewModel.swift */,
			);
			path = "Job Details";
			sourceTree = "<group>";
		};
		64514C462599EB1800641A6C /* JobDetailsProvider */ = {
			isa = PBXGroup;
			children = (
				64514C472599EB2900641A6C /* JobDetailsProvider.swift */,
				64514C4C2599EBC000641A6C /* LocalJobDetailsService.swift */,
			);
			path = JobDetailsProvider;
			sourceTree = "<group>";
		};
		64514C512599F90400641A6C /* JobDetailsTableViewCells */ = {
			isa = PBXGroup;
			children = (
				64514C522599F9C800641A6C /* JobDetailsMainDetailsTableViewCell.swift */,
				64514C572599FA1200641A6C /* JobDetailsJobDescriptionTableViewCell.swift */,
				64514C5C2599FA1F00641A6C /* JobDetailsHowToApplyTableViewCell.swift */,
			);
			path = JobDetailsTableViewCells;
			sourceTree = "<group>";
		};
		64514C76259AECF700641A6C /* Roboto */ = {
			isa = PBXGroup;
			children = (
				64514C79259AED1100641A6C /* Roboto-Bold.ttf */,
				64514C78259AED1100641A6C /* Roboto-Light.ttf */,
				64514C77259AED1100641A6C /* Roboto-Regular.ttf */,
				64514C7A259AED1200641A6C /* Roboto-Thin.ttf */,
				641DF195259AF7B500DC29B3 /* LICENSE.txt */,
			);
			path = Roboto;
			sourceTree = "<group>";
		};
		6471249C25984E9500B8D38E = {
			isa = PBXGroup;
			children = (
				647124A725984E9500B8D38E /* Job Hub */,
				641DF235259BA0B900DC29B3 /* Providers */,
				644EF23E2598F92100B8A1D9 /* Models */,
				644EF1E92598E34100B8A1D9 /* Networking */,
				644EF2522598FD9C00B8A1D9 /* Common */,
				6471250225985FB000B8D38E /* Assets */,
				647124C125984E9800B8D38E /* Job HubTests */,
				647124CC25984E9800B8D38E /* Job HubUITests */,
				647124A625984E9500B8D38E /* Products */,
				1375AA80A131CA453F07996C /* Pods */,
				677436ACB1A4A0D93D46A6EF /* Frameworks */,
			);
			sourceTree = "<group>";
		};
		647124A625984E9500B8D38E /* Products */ = {
			isa = PBXGroup;
			children = (
				647124A525984E9500B8D38E /* Job Hub.app */,
				647124BE25984E9800B8D38E /* Job HubTests.xctest */,
				647124C925984E9800B8D38E /* Job HubUITests.xctest */,
			);
			name = Products;
			sourceTree = "<group>";
		};
		647124A725984E9500B8D38E /* Job Hub */ = {
			isa = PBXGroup;
			children = (
				644EF2332598F44E00B8A1D9 /* Job List */,
				64514C3B2599EA3300641A6C /* Job Details */,
				647124A825984E9500B8D38E /* AppDelegate.swift */,
				64712503259860E700B8D38E /* R.generated.swift */,
				647124AE25984E9500B8D38E /* Main.storyboard */,
				647124B625984E9800B8D38E /* LaunchScreen.storyboard */,
				647124B925984E9800B8D38E /* Info.plist */,
				647124B125984E9500B8D38E /* Job_Hub.xcdatamodeld */,
			);
			path = "Job Hub";
			sourceTree = "<group>";
		};
		647124C125984E9800B8D38E /* Job HubTests */ = {
			isa = PBXGroup;
			children = (
				641DF24D259BB30300DC29B3 /* JobListUnitTests.swift */,
				641DF25E259BC6C000DC29B3 /* JobDetailsUnitTests.swift */,
				647124C425984E9800B8D38E /* Info.plist */,
			);
			path = "Job HubTests";
			sourceTree = "<group>";
		};
		647124CC25984E9800B8D38E /* Job HubUITests */ = {
			isa = PBXGroup;
			children = (
				647124CD25984E9800B8D38E /* Job_HubUITests.swift */,
				647124CF25984E9800B8D38E /* Info.plist */,
			);
			path = "Job HubUITests";
			sourceTree = "<group>";
		};
		6471250225985FB000B8D38E /* Assets */ = {
			isa = PBXGroup;
			children = (
				6471257E2598BCCE00B8D38E /* Themes */,
				647125482598926100B8D38E /* Colors */,
				647125352598880900B8D38E /* Fonts */,
				647124B425984E9800B8D38E /* Assets.xcassets */,
				641DF19A259AFB0500DC29B3 /* Localizable.strings */,
			);
			path = Assets;
			sourceTree = "<group>";
		};
		647125352598880900B8D38E /* Fonts */ = {
			isa = PBXGroup;
			children = (
				64514C76259AECF700641A6C /* Roboto */,
				647125362598881800B8D38E /* Glegoo */,
			);
			path = Fonts;
			sourceTree = "<group>";
		};
		647125362598881800B8D38E /* Glegoo */ = {
			isa = PBXGroup;
			children = (
				647125392598882B00B8D38E /* Glegoo-Bold.ttf */,
				647125382598882B00B8D38E /* Glegoo-Regular.ttf */,
				647125372598882B00B8D38E /* OFL.txt */,
			);
			path = Glegoo;
			sourceTree = "<group>";
		};
		647125482598926100B8D38E /* Colors */ = {
			isa = PBXGroup;
			children = (
				6471254325988F9600B8D38E /* UIColor+Extensions.swift */,
			);
			path = Colors;
			sourceTree = "<group>";
		};
		6471257E2598BCCE00B8D38E /* Themes */ = {
			isa = PBXGroup;
			children = (
				647125762598B96500B8D38E /* Theme.swift */,
				647125872598BD4500B8D38E /* ThemeService.swift */,
				641DF20D259B7AEE00DC29B3 /* TextTheme */,
			);
			path = Themes;
			sourceTree = "<group>";
		};
		677436ACB1A4A0D93D46A6EF /* Frameworks */ = {
			isa = PBXGroup;
			children = (
				79800A8454D1E1EF04C023C5 /* Pods_Job_Hub.framework */,
				C5857A2409D802D92D4426E9 /* Pods_Job_Hub_Job_HubUITests.framework */,
				AB83F4037D48030AE25D4813 /* Pods_Job_HubTests.framework */,
			);
			name = Frameworks;
			sourceTree = "<group>";
		};
/* End PBXGroup section */

/* Begin PBXNativeTarget section */
		647124A425984E9500B8D38E /* Job Hub */ = {
			isa = PBXNativeTarget;
			buildConfigurationList = 647124D225984E9800B8D38E /* Build configuration list for PBXNativeTarget "Job Hub" */;
			buildPhases = (
				88A9F45E52717856AD4A28BA /* [CP] Check Pods Manifest.lock */,
				647124FE25985F2000B8D38E /* ShellScript */,
				647124A125984E9500B8D38E /* Sources */,
				647124A225984E9500B8D38E /* Frameworks */,
				647124A325984E9500B8D38E /* Resources */,
				CE7653D0E1A0FD904BE26D31 /* [CP] Embed Pods Frameworks */,
			);
			buildRules = (
			);
			dependencies = (
			);
			name = "Job Hub";
			productName = "Job Hub";
			productReference = 647124A525984E9500B8D38E /* Job Hub.app */;
			productType = "com.apple.product-type.application";
		};
		647124BD25984E9800B8D38E /* Job HubTests */ = {
			isa = PBXNativeTarget;
			buildConfigurationList = 647124D525984E9800B8D38E /* Build configuration list for PBXNativeTarget "Job HubTests" */;
			buildPhases = (
				CE460ABA2F296F8B5ADB110E /* [CP] Check Pods Manifest.lock */,
				647124BA25984E9800B8D38E /* Sources */,
				647124BB25984E9800B8D38E /* Frameworks */,
				647124BC25984E9800B8D38E /* Resources */,
			);
			buildRules = (
			);
			dependencies = (
				647124C025984E9800B8D38E /* PBXTargetDependency */,
			);
			name = "Job HubTests";
			productName = "Job HubTests";
			productReference = 647124BE25984E9800B8D38E /* Job HubTests.xctest */;
			productType = "com.apple.product-type.bundle.unit-test";
		};
		647124C825984E9800B8D38E /* Job HubUITests */ = {
			isa = PBXNativeTarget;
			buildConfigurationList = 647124D825984E9800B8D38E /* Build configuration list for PBXNativeTarget "Job HubUITests" */;
			buildPhases = (
				F93CBC4758667198AACE10C7 /* [CP] Check Pods Manifest.lock */,
				647124C525984E9800B8D38E /* Sources */,
				647124C625984E9800B8D38E /* Frameworks */,
				647124C725984E9800B8D38E /* Resources */,
				FEF382892FD9E9FCE6B5C61F /* [CP] Embed Pods Frameworks */,
			);
			buildRules = (
			);
			dependencies = (
				647124CB25984E9800B8D38E /* PBXTargetDependency */,
			);
			name = "Job HubUITests";
			productName = "Job HubUITests";
			productReference = 647124C925984E9800B8D38E /* Job HubUITests.xctest */;
			productType = "com.apple.product-type.bundle.ui-testing";
		};
/* End PBXNativeTarget section */

/* Begin PBXProject section */
		6471249D25984E9500B8D38E /* Project object */ = {
			isa = PBXProject;
			attributes = {
				LastSwiftUpdateCheck = 1200;
				LastUpgradeCheck = 1200;
				TargetAttributes = {
					647124A425984E9500B8D38E = {
						CreatedOnToolsVersion = 12.0.1;
					};
					647124BD25984E9800B8D38E = {
						CreatedOnToolsVersion = 12.0.1;
						TestTargetID = 647124A425984E9500B8D38E;
					};
					647124C825984E9800B8D38E = {
						CreatedOnToolsVersion = 12.0.1;
						TestTargetID = 647124A425984E9500B8D38E;
					};
				};
			};
			buildConfigurationList = 647124A025984E9500B8D38E /* Build configuration list for PBXProject "Job Hub" */;
			compatibilityVersion = "Xcode 9.3";
			developmentRegion = en;
			hasScannedForEncodings = 0;
			knownRegions = (
				en,
				Base,
			);
			mainGroup = 6471249C25984E9500B8D38E;
			productRefGroup = 647124A625984E9500B8D38E /* Products */;
			projectDirPath = "";
			projectRoot = "";
			targets = (
				647124A425984E9500B8D38E /* Job Hub */,
				647124BD25984E9800B8D38E /* Job HubTests */,
				647124C825984E9800B8D38E /* Job HubUITests */,
			);
		};
/* End PBXProject section */

/* Begin PBXResourcesBuildPhase section */
		647124A325984E9500B8D38E /* Resources */ = {
			isa = PBXResourcesBuildPhase;
			buildActionMask = 2147483647;
			files = (
				641DF196259AF7B500DC29B3 /* LICENSE.txt in Resources */,
				641DF19B259AFB0500DC29B3 /* Localizable.strings in Resources */,
				647124B825984E9800B8D38E /* LaunchScreen.storyboard in Resources */,
				64514C7B259AED1200641A6C /* Roboto-Regular.ttf in Resources */,
				647124B525984E9800B8D38E /* Assets.xcassets in Resources */,
				6471253C2598882B00B8D38E /* Glegoo-Bold.ttf in Resources */,
				6471253A2598882B00B8D38E /* OFL.txt in Resources */,
				64514C7D259AED1200641A6C /* Roboto-Bold.ttf in Resources */,
				6471253B2598882B00B8D38E /* Glegoo-Regular.ttf in Resources */,
				64514C7C259AED1200641A6C /* Roboto-Light.ttf in Resources */,
				64514C7E259AED1200641A6C /* Roboto-Thin.ttf in Resources */,
				647124B025984E9500B8D38E /* Main.storyboard in Resources */,
			);
			runOnlyForDeploymentPostprocessing = 0;
		};
		647124BC25984E9800B8D38E /* Resources */ = {
			isa = PBXResourcesBuildPhase;
			buildActionMask = 2147483647;
			files = (
			);
			runOnlyForDeploymentPostprocessing = 0;
		};
		647124C725984E9800B8D38E /* Resources */ = {
			isa = PBXResourcesBuildPhase;
			buildActionMask = 2147483647;
			files = (
			);
			runOnlyForDeploymentPostprocessing = 0;
		};
/* End PBXResourcesBuildPhase section */

/* Begin PBXShellScriptBuildPhase section */
		647124FE25985F2000B8D38E /* ShellScript */ = {
			isa = PBXShellScriptBuildPhase;
			buildActionMask = 2147483647;
			files = (
			);
			inputFileListPaths = (
			);
			inputPaths = (
				"$TEMP_DIR/rswift-lastrun",
			);
			outputFileListPaths = (
			);
			outputPaths = (
				$SRCROOT/R.generated.swift,
			);
			runOnlyForDeploymentPostprocessing = 0;
			shellPath = /bin/sh;
			shellScript = "\"$PODS_ROOT/R.swift/rswift\" generate \"$SRCROOT/R.generated.swift\"\n";
		};
		88A9F45E52717856AD4A28BA /* [CP] Check Pods Manifest.lock */ = {
			isa = PBXShellScriptBuildPhase;
			buildActionMask = 2147483647;
			files = (
			);
			inputFileListPaths = (
			);
			inputPaths = (
				"${PODS_PODFILE_DIR_PATH}/Podfile.lock",
				"${PODS_ROOT}/Manifest.lock",
			);
			name = "[CP] Check Pods Manifest.lock";
			outputFileListPaths = (
			);
			outputPaths = (
				"$(DERIVED_FILE_DIR)/Pods-Job Hub-checkManifestLockResult.txt",
			);
			runOnlyForDeploymentPostprocessing = 0;
			shellPath = /bin/sh;
			shellScript = "diff \"${PODS_PODFILE_DIR_PATH}/Podfile.lock\" \"${PODS_ROOT}/Manifest.lock\" > /dev/null\nif [ $? != 0 ] ; then\n    # print error to STDERR\n    echo \"error: The sandbox is not in sync with the Podfile.lock. Run 'pod install' or update your CocoaPods installation.\" >&2\n    exit 1\nfi\n# This output is used by Xcode 'outputs' to avoid re-running this script phase.\necho \"SUCCESS\" > \"${SCRIPT_OUTPUT_FILE_0}\"\n";
			showEnvVarsInLog = 0;
		};
		CE460ABA2F296F8B5ADB110E /* [CP] Check Pods Manifest.lock */ = {
			isa = PBXShellScriptBuildPhase;
			buildActionMask = 2147483647;
			files = (
			);
			inputFileListPaths = (
			);
			inputPaths = (
				"${PODS_PODFILE_DIR_PATH}/Podfile.lock",
				"${PODS_ROOT}/Manifest.lock",
			);
			name = "[CP] Check Pods Manifest.lock";
			outputFileListPaths = (
			);
			outputPaths = (
				"$(DERIVED_FILE_DIR)/Pods-Job HubTests-checkManifestLockResult.txt",
			);
			runOnlyForDeploymentPostprocessing = 0;
			shellPath = /bin/sh;
			shellScript = "diff \"${PODS_PODFILE_DIR_PATH}/Podfile.lock\" \"${PODS_ROOT}/Manifest.lock\" > /dev/null\nif [ $? != 0 ] ; then\n    # print error to STDERR\n    echo \"error: The sandbox is not in sync with the Podfile.lock. Run 'pod install' or update your CocoaPods installation.\" >&2\n    exit 1\nfi\n# This output is used by Xcode 'outputs' to avoid re-running this script phase.\necho \"SUCCESS\" > \"${SCRIPT_OUTPUT_FILE_0}\"\n";
			showEnvVarsInLog = 0;
		};
		CE7653D0E1A0FD904BE26D31 /* [CP] Embed Pods Frameworks */ = {
			isa = PBXShellScriptBuildPhase;
			buildActionMask = 2147483647;
			files = (
			);
			inputFileListPaths = (
				"${PODS_ROOT}/Target Support Files/Pods-Job Hub/Pods-Job Hub-frameworks-${CONFIGURATION}-input-files.xcfilelist",
			);
			name = "[CP] Embed Pods Frameworks";
			outputFileListPaths = (
				"${PODS_ROOT}/Target Support Files/Pods-Job Hub/Pods-Job Hub-frameworks-${CONFIGURATION}-output-files.xcfilelist",
			);
			runOnlyForDeploymentPostprocessing = 0;
			shellPath = /bin/sh;
			shellScript = "\"${PODS_ROOT}/Target Support Files/Pods-Job Hub/Pods-Job Hub-frameworks.sh\"\n";
			showEnvVarsInLog = 0;
		};
		F93CBC4758667198AACE10C7 /* [CP] Check Pods Manifest.lock */ = {
			isa = PBXShellScriptBuildPhase;
			buildActionMask = 2147483647;
			files = (
			);
			inputFileListPaths = (
			);
			inputPaths = (
				"${PODS_PODFILE_DIR_PATH}/Podfile.lock",
				"${PODS_ROOT}/Manifest.lock",
			);
			name = "[CP] Check Pods Manifest.lock";
			outputFileListPaths = (
			);
			outputPaths = (
				"$(DERIVED_FILE_DIR)/Pods-Job Hub-Job HubUITests-checkManifestLockResult.txt",
			);
			runOnlyForDeploymentPostprocessing = 0;
			shellPath = /bin/sh;
			shellScript = "diff \"${PODS_PODFILE_DIR_PATH}/Podfile.lock\" \"${PODS_ROOT}/Manifest.lock\" > /dev/null\nif [ $? != 0 ] ; then\n    # print error to STDERR\n    echo \"error: The sandbox is not in sync with the Podfile.lock. Run 'pod install' or update your CocoaPods installation.\" >&2\n    exit 1\nfi\n# This output is used by Xcode 'outputs' to avoid re-running this script phase.\necho \"SUCCESS\" > \"${SCRIPT_OUTPUT_FILE_0}\"\n";
			showEnvVarsInLog = 0;
		};
		FEF382892FD9E9FCE6B5C61F /* [CP] Embed Pods Frameworks */ = {
			isa = PBXShellScriptBuildPhase;
			buildActionMask = 2147483647;
			files = (
			);
			inputFileListPaths = (
				"${PODS_ROOT}/Target Support Files/Pods-Job Hub-Job HubUITests/Pods-Job Hub-Job HubUITests-frameworks-${CONFIGURATION}-input-files.xcfilelist",
			);
			name = "[CP] Embed Pods Frameworks";
			outputFileListPaths = (
				"${PODS_ROOT}/Target Support Files/Pods-Job Hub-Job HubUITests/Pods-Job Hub-Job HubUITests-frameworks-${CONFIGURATION}-output-files.xcfilelist",
			);
			runOnlyForDeploymentPostprocessing = 0;
			shellPath = /bin/sh;
			shellScript = "\"${PODS_ROOT}/Target Support Files/Pods-Job Hub-Job HubUITests/Pods-Job Hub-Job HubUITests-frameworks.sh\"\n";
			showEnvVarsInLog = 0;
		};
/* End PBXShellScriptBuildPhase section */

/* Begin PBXSourcesBuildPhase section */
		647124A125984E9500B8D38E /* Sources */ = {
			isa = PBXSourcesBuildPhase;
			buildActionMask = 2147483647;
			files = (
				64514C6F259A688800641A6C /* UIImage+Extensions.swift in Sources */,
				641DF1E3259B742900DC29B3 /* TextFontTheme.swift in Sources */,
				641DF1CC259B5C4900DC29B3 /* JobListTableViewCell.swift in Sources */,
				644EF23A2598F8C100B8A1D9 /* JobListViewModel.swift in Sources */,
				641DF1A5259B00B700DC29B3 /* NSAttributedString+Extensions.swift in Sources */,
				644EF25D2598FEE400B8A1D9 /* JHError.swift in Sources */,
				64514C532599F9C900641A6C /* JobDetailsMainDetailsTableViewCell.swift in Sources */,
				644EF20B2598E52E00B8A1D9 /* GetJobListOptions.swift in Sources */,
				64514C582599FA1200641A6C /* JobDetailsJobDescriptionTableViewCell.swift in Sources */,
				641DF1E8259B743400DC29B3 /* TextColorTheme.swift in Sources */,
				641DF238259BA12900DC29B3 /* CompanyImageProvider.swift in Sources */,
				644EF2482598FC7300B8A1D9 /* JobListProvider.swift in Sources */,
				641DF240259BA4F400DC29B3 /* KingFisherImageService.swift in Sources */,
				641DF21C259B7D7C00DC29B3 /* UITextView+Extensions.swift in Sources */,
				647125882598BD4500B8D38E /* ThemeService.swift in Sources */,
				64514C672599FCDE00641A6C /* JobDetailsSectionItem.swift in Sources */,
				644EF2102598E54500B8A1D9 /* RequestParameter.swift in Sources */,
				641DF1A0259B000500DC29B3 /* String+Extensions.swift in Sources */,
				6471254425988F9600B8D38E /* UIColor+Extensions.swift in Sources */,
				644EF1FB2598E3DC00B8A1D9 /* GitHubJobsAPI.swift in Sources */,
				644EF24E2598FCDF00B8A1D9 /* GitHubJobListService.swift in Sources */,
				64514C482599EB2900641A6C /* JobDetailsProvider.swift in Sources */,
				64514C622599FC1500641A6C /* UIView+Extensions.swift in Sources */,
				641DF20F259B7B0600DC29B3 /* TextThemeType.swift in Sources */,
				64514C3D2599EA4B00641A6C /* JobDetailsViewController.swift in Sources */,
				644EF266259902D400B8A1D9 /* Date+Extensions.swift in Sources */,
				644EF1EB2598E35800B8A1D9 /* APIManager.swift in Sources */,
				644EF2182598E5D800B8A1D9 /* GetJobListResponse.swift in Sources */,
				644EF2352598F45D00B8A1D9 /* JobListViewController.swift in Sources */,
				64514C5D2599FA1F00641A6C /* JobDetailsHowToApplyTableViewCell.swift in Sources */,
				647124B325984E9500B8D38E /* Job_Hub.xcdatamodeld in Sources */,
				641DF217259B7C6A00DC29B3 /* UILabel+Extensions.swift in Sources */,
				647124A925984E9500B8D38E /* AppDelegate.swift in Sources */,
				647125772598B96500B8D38E /* Theme.swift in Sources */,
				64712504259860E700B8D38E /* R.generated.swift in Sources */,
				644EF2402598F92D00B8A1D9 /* Job.swift in Sources */,
				64514C4D2599EBC000641A6C /* LocalJobDetailsService.swift in Sources */,
				64514C422599EAF000641A6C /* JobDetailsViewModel.swift in Sources */,
				641DF1B7259B4DEA00DC29B3 /* JobListNavigationController.swift in Sources */,
			);
			runOnlyForDeploymentPostprocessing = 0;
		};
		647124BA25984E9800B8D38E /* Sources */ = {
			isa = PBXSourcesBuildPhase;
			buildActionMask = 2147483647;
			files = (
				641DF25F259BC6C000DC29B3 /* JobDetailsUnitTests.swift in Sources */,
				641DF24E259BB30300DC29B3 /* JobListUnitTests.swift in Sources */,
			);
			runOnlyForDeploymentPostprocessing = 0;
		};
		647124C525984E9800B8D38E /* Sources */ = {
			isa = PBXSourcesBuildPhase;
			buildActionMask = 2147483647;
			files = (
				647124CE25984E9800B8D38E /* Job_HubUITests.swift in Sources */,
			);
			runOnlyForDeploymentPostprocessing = 0;
		};
/* End PBXSourcesBuildPhase section */

/* Begin PBXTargetDependency section */
		647124C025984E9800B8D38E /* PBXTargetDependency */ = {
			isa = PBXTargetDependency;
			target = 647124A425984E9500B8D38E /* Job Hub */;
			targetProxy = 647124BF25984E9800B8D38E /* PBXContainerItemProxy */;
		};
		647124CB25984E9800B8D38E /* PBXTargetDependency */ = {
			isa = PBXTargetDependency;
			target = 647124A425984E9500B8D38E /* Job Hub */;
			targetProxy = 647124CA25984E9800B8D38E /* PBXContainerItemProxy */;
		};
/* End PBXTargetDependency section */

/* Begin PBXVariantGroup section */
		647124AE25984E9500B8D38E /* Main.storyboard */ = {
			isa = PBXVariantGroup;
			children = (
				647124AF25984E9500B8D38E /* Base */,
			);
			name = Main.storyboard;
			sourceTree = "<group>";
		};
		647124B625984E9800B8D38E /* LaunchScreen.storyboard */ = {
			isa = PBXVariantGroup;
			children = (
				647124B725984E9800B8D38E /* Base */,
			);
			name = LaunchScreen.storyboard;
			sourceTree = "<group>";
		};
/* End PBXVariantGroup section */

/* Begin XCBuildConfiguration section */
		647124D025984E9800B8D38E /* Debug */ = {
			isa = XCBuildConfiguration;
			buildSettings = {
				ALWAYS_SEARCH_USER_PATHS = NO;
				CLANG_ANALYZER_NONNULL = YES;
				CLANG_ANALYZER_NUMBER_OBJECT_CONVERSION = YES_AGGRESSIVE;
				CLANG_CXX_LANGUAGE_STANDARD = "gnu++14";
				CLANG_CXX_LIBRARY = "libc++";
				CLANG_ENABLE_MODULES = YES;
				CLANG_ENABLE_OBJC_ARC = YES;
				CLANG_ENABLE_OBJC_WEAK = YES;
				CLANG_WARN_BLOCK_CAPTURE_AUTORELEASING = YES;
				CLANG_WARN_BOOL_CONVERSION = YES;
				CLANG_WARN_COMMA = YES;
				CLANG_WARN_CONSTANT_CONVERSION = YES;
				CLANG_WARN_DEPRECATED_OBJC_IMPLEMENTATIONS = YES;
				CLANG_WARN_DIRECT_OBJC_ISA_USAGE = YES_ERROR;
				CLANG_WARN_DOCUMENTATION_COMMENTS = YES;
				CLANG_WARN_EMPTY_BODY = YES;
				CLANG_WARN_ENUM_CONVERSION = YES;
				CLANG_WARN_INFINITE_RECURSION = YES;
				CLANG_WARN_INT_CONVERSION = YES;
				CLANG_WARN_NON_LITERAL_NULL_CONVERSION = YES;
				CLANG_WARN_OBJC_IMPLICIT_RETAIN_SELF = YES;
				CLANG_WARN_OBJC_LITERAL_CONVERSION = YES;
				CLANG_WARN_OBJC_ROOT_CLASS = YES_ERROR;
				CLANG_WARN_QUOTED_INCLUDE_IN_FRAMEWORK_HEADER = YES;
				CLANG_WARN_RANGE_LOOP_ANALYSIS = YES;
				CLANG_WARN_STRICT_PROTOTYPES = YES;
				CLANG_WARN_SUSPICIOUS_MOVE = YES;
				CLANG_WARN_UNGUARDED_AVAILABILITY = YES_AGGRESSIVE;
				CLANG_WARN_UNREACHABLE_CODE = YES;
				CLANG_WARN__DUPLICATE_METHOD_MATCH = YES;
				COPY_PHASE_STRIP = NO;
				DEBUG_INFORMATION_FORMAT = dwarf;
				ENABLE_STRICT_OBJC_MSGSEND = YES;
				ENABLE_TESTABILITY = YES;
				GCC_C_LANGUAGE_STANDARD = gnu11;
				GCC_DYNAMIC_NO_PIC = NO;
				GCC_NO_COMMON_BLOCKS = YES;
				GCC_OPTIMIZATION_LEVEL = 0;
				GCC_PREPROCESSOR_DEFINITIONS = (
					"DEBUG=1",
					"$(inherited)",
				);
				GCC_WARN_64_TO_32_BIT_CONVERSION = YES;
				GCC_WARN_ABOUT_RETURN_TYPE = YES_ERROR;
				GCC_WARN_UNDECLARED_SELECTOR = YES;
				GCC_WARN_UNINITIALIZED_AUTOS = YES_AGGRESSIVE;
				GCC_WARN_UNUSED_FUNCTION = YES;
				GCC_WARN_UNUSED_VARIABLE = YES;
				IPHONEOS_DEPLOYMENT_TARGET = 12.0;
				MTL_ENABLE_DEBUG_INFO = INCLUDE_SOURCE;
				MTL_FAST_MATH = YES;
				ONLY_ACTIVE_ARCH = YES;
				SDKROOT = iphoneos;
				SWIFT_ACTIVE_COMPILATION_CONDITIONS = DEBUG;
				SWIFT_OPTIMIZATION_LEVEL = "-Onone";
			};
			name = Debug;
		};
		647124D125984E9800B8D38E /* Release */ = {
			isa = XCBuildConfiguration;
			buildSettings = {
				ALWAYS_SEARCH_USER_PATHS = NO;
				CLANG_ANALYZER_NONNULL = YES;
				CLANG_ANALYZER_NUMBER_OBJECT_CONVERSION = YES_AGGRESSIVE;
				CLANG_CXX_LANGUAGE_STANDARD = "gnu++14";
				CLANG_CXX_LIBRARY = "libc++";
				CLANG_ENABLE_MODULES = YES;
				CLANG_ENABLE_OBJC_ARC = YES;
				CLANG_ENABLE_OBJC_WEAK = YES;
				CLANG_WARN_BLOCK_CAPTURE_AUTORELEASING = YES;
				CLANG_WARN_BOOL_CONVERSION = YES;
				CLANG_WARN_COMMA = YES;
				CLANG_WARN_CONSTANT_CONVERSION = YES;
				CLANG_WARN_DEPRECATED_OBJC_IMPLEMENTATIONS = YES;
				CLANG_WARN_DIRECT_OBJC_ISA_USAGE = YES_ERROR;
				CLANG_WARN_DOCUMENTATION_COMMENTS = YES;
				CLANG_WARN_EMPTY_BODY = YES;
				CLANG_WARN_ENUM_CONVERSION = YES;
				CLANG_WARN_INFINITE_RECURSION = YES;
				CLANG_WARN_INT_CONVERSION = YES;
				CLANG_WARN_NON_LITERAL_NULL_CONVERSION = YES;
				CLANG_WARN_OBJC_IMPLICIT_RETAIN_SELF = YES;
				CLANG_WARN_OBJC_LITERAL_CONVERSION = YES;
				CLANG_WARN_OBJC_ROOT_CLASS = YES_ERROR;
				CLANG_WARN_QUOTED_INCLUDE_IN_FRAMEWORK_HEADER = YES;
				CLANG_WARN_RANGE_LOOP_ANALYSIS = YES;
				CLANG_WARN_STRICT_PROTOTYPES = YES;
				CLANG_WARN_SUSPICIOUS_MOVE = YES;
				CLANG_WARN_UNGUARDED_AVAILABILITY = YES_AGGRESSIVE;
				CLANG_WARN_UNREACHABLE_CODE = YES;
				CLANG_WARN__DUPLICATE_METHOD_MATCH = YES;
				COPY_PHASE_STRIP = NO;
				DEBUG_INFORMATION_FORMAT = "dwarf-with-dsym";
				ENABLE_NS_ASSERTIONS = NO;
				ENABLE_STRICT_OBJC_MSGSEND = YES;
				GCC_C_LANGUAGE_STANDARD = gnu11;
				GCC_NO_COMMON_BLOCKS = YES;
				GCC_WARN_64_TO_32_BIT_CONVERSION = YES;
				GCC_WARN_ABOUT_RETURN_TYPE = YES_ERROR;
				GCC_WARN_UNDECLARED_SELECTOR = YES;
				GCC_WARN_UNINITIALIZED_AUTOS = YES_AGGRESSIVE;
				GCC_WARN_UNUSED_FUNCTION = YES;
				GCC_WARN_UNUSED_VARIABLE = YES;
				IPHONEOS_DEPLOYMENT_TARGET = 12.0;
				MTL_ENABLE_DEBUG_INFO = NO;
				MTL_FAST_MATH = YES;
				SDKROOT = iphoneos;
				SWIFT_COMPILATION_MODE = wholemodule;
				SWIFT_OPTIMIZATION_LEVEL = "-O";
				VALIDATE_PRODUCT = YES;
			};
			name = Release;
		};
		647124D325984E9800B8D38E /* Debug */ = {
			isa = XCBuildConfiguration;
			baseConfigurationReference = 7EE69958CB773DD7EDFEF940 /* Pods-Job Hub.debug.xcconfig */;
			buildSettings = {
				ASSETCATALOG_COMPILER_APPICON_NAME = AppIcon;
				ASSETCATALOG_COMPILER_GLOBAL_ACCENT_COLOR_NAME = AccentColor;
				CODE_SIGN_IDENTITY = "Apple Development";
				CODE_SIGN_STYLE = Automatic;
				CURRENT_PROJECT_VERSION = 2;
				DEVELOPMENT_TEAM = P9VM94332G;
				INFOPLIST_FILE = "Job Hub/Info.plist";
				LD_RUNPATH_SEARCH_PATHS = (
					"$(inherited)",
					"@executable_path/Frameworks",
				);
				MARKETING_VERSION = 1.0.0;
				PRODUCT_BUNDLE_IDENTIFIER = com.luisligunas.willyweather.jobhub;
				PRODUCT_NAME = "$(TARGET_NAME)";
				PROVISIONING_PROFILE_SPECIFIER = "";
				SWIFT_VERSION = 5.0;
				TARGETED_DEVICE_FAMILY = 1;
			};
			name = Debug;
		};
		647124D425984E9800B8D38E /* Release */ = {
			isa = XCBuildConfiguration;
			baseConfigurationReference = FEF09B4CA80460960363B5A7 /* Pods-Job Hub.release.xcconfig */;
			buildSettings = {
				ASSETCATALOG_COMPILER_APPICON_NAME = AppIcon;
				ASSETCATALOG_COMPILER_GLOBAL_ACCENT_COLOR_NAME = AccentColor;
				CODE_SIGN_IDENTITY = "Apple Development";
				CODE_SIGN_STYLE = Automatic;
				CURRENT_PROJECT_VERSION = 2;
				DEVELOPMENT_TEAM = P9VM94332G;
				INFOPLIST_FILE = "Job Hub/Info.plist";
				LD_RUNPATH_SEARCH_PATHS = (
					"$(inherited)",
					"@executable_path/Frameworks",
				);
				MARKETING_VERSION = 1.0.0;
				PRODUCT_BUNDLE_IDENTIFIER = com.luisligunas.willyweather.jobhub;
				PRODUCT_NAME = "$(TARGET_NAME)";
				PROVISIONING_PROFILE_SPECIFIER = "";
				SWIFT_VERSION = 5.0;
				TARGETED_DEVICE_FAMILY = 1;
			};
			name = Release;
		};
		647124D625984E9800B8D38E /* Debug */ = {
			isa = XCBuildConfiguration;
			baseConfigurationReference = B054EA6EC22E15FF4E3C787D /* Pods-Job HubTests.debug.xcconfig */;
			buildSettings = {
				ALWAYS_EMBED_SWIFT_STANDARD_LIBRARIES = "$(inherited)";
				BUNDLE_LOADER = "$(TEST_HOST)";
				CODE_SIGN_STYLE = Automatic;
				DEVELOPMENT_TEAM = P9VM94332G;
				INFOPLIST_FILE = "Job HubTests/Info.plist";
				IPHONEOS_DEPLOYMENT_TARGET = 14.0;
				LD_RUNPATH_SEARCH_PATHS = (
					"$(inherited)",
					"@executable_path/Frameworks",
					"@loader_path/Frameworks",
				);
				PRODUCT_BUNDLE_IDENTIFIER = "com.luisligunas.jobhub.Job-HubTests";
				PRODUCT_NAME = "$(TARGET_NAME)";
				SWIFT_VERSION = 5.0;
				TARGETED_DEVICE_FAMILY = "1,2";
				TEST_HOST = "$(BUILT_PRODUCTS_DIR)/Job Hub.app/Job Hub";
			};
			name = Debug;
		};
		647124D725984E9800B8D38E /* Release */ = {
			isa = XCBuildConfiguration;
			baseConfigurationReference = 3E1175F9AE99F10CFDF70D09 /* Pods-Job HubTests.release.xcconfig */;
			buildSettings = {
				ALWAYS_EMBED_SWIFT_STANDARD_LIBRARIES = "$(inherited)";
				BUNDLE_LOADER = "$(TEST_HOST)";
				CODE_SIGN_STYLE = Automatic;
				DEVELOPMENT_TEAM = P9VM94332G;
				INFOPLIST_FILE = "Job HubTests/Info.plist";
				IPHONEOS_DEPLOYMENT_TARGET = 14.0;
				LD_RUNPATH_SEARCH_PATHS = (
					"$(inherited)",
					"@executable_path/Frameworks",
					"@loader_path/Frameworks",
				);
				PRODUCT_BUNDLE_IDENTIFIER = "com.luisligunas.jobhub.Job-HubTests";
				PRODUCT_NAME = "$(TARGET_NAME)";
				SWIFT_VERSION = 5.0;
				TARGETED_DEVICE_FAMILY = "1,2";
				TEST_HOST = "$(BUILT_PRODUCTS_DIR)/Job Hub.app/Job Hub";
			};
			name = Release;
		};
		647124D925984E9800B8D38E /* Debug */ = {
			isa = XCBuildConfiguration;
			baseConfigurationReference = 695EB3D3C2C525508127300C /* Pods-Job Hub-Job HubUITests.debug.xcconfig */;
			buildSettings = {
				ALWAYS_EMBED_SWIFT_STANDARD_LIBRARIES = "$(inherited)";
				CODE_SIGN_STYLE = Automatic;
				DEVELOPMENT_TEAM = 6F67NT7LZM;
				INFOPLIST_FILE = "Job HubUITests/Info.plist";
				LD_RUNPATH_SEARCH_PATHS = (
					"$(inherited)",
					"@executable_path/Frameworks",
					"@loader_path/Frameworks",
				);
				PRODUCT_BUNDLE_IDENTIFIER = "com.luisligunas.jobhub.Job-HubUITests";
				PRODUCT_NAME = "$(TARGET_NAME)";
				SWIFT_VERSION = 5.0;
				TARGETED_DEVICE_FAMILY = "1,2";
				TEST_TARGET_NAME = "Job Hub";
			};
			name = Debug;
		};
		647124DA25984E9800B8D38E /* Release */ = {
			isa = XCBuildConfiguration;
			baseConfigurationReference = AC1E1C643363E15276BE11ED /* Pods-Job Hub-Job HubUITests.release.xcconfig */;
			buildSettings = {
				ALWAYS_EMBED_SWIFT_STANDARD_LIBRARIES = "$(inherited)";
				CODE_SIGN_STYLE = Automatic;
				DEVELOPMENT_TEAM = 6F67NT7LZM;
				INFOPLIST_FILE = "Job HubUITests/Info.plist";
				LD_RUNPATH_SEARCH_PATHS = (
					"$(inherited)",
					"@executable_path/Frameworks",
					"@loader_path/Frameworks",
				);
				PRODUCT_BUNDLE_IDENTIFIER = "com.luisligunas.jobhub.Job-HubUITests";
				PRODUCT_NAME = "$(TARGET_NAME)";
				SWIFT_VERSION = 5.0;
				TARGETED_DEVICE_FAMILY = "1,2";
				TEST_TARGET_NAME = "Job Hub";
			};
			name = Release;
		};
/* End XCBuildConfiguration section */

/* Begin XCConfigurationList section */
		647124A025984E9500B8D38E /* Build configuration list for PBXProject "Job Hub" */ = {
			isa = XCConfigurationList;
			buildConfigurations = (
				647124D025984E9800B8D38E /* Debug */,
				647124D125984E9800B8D38E /* Release */,
			);
			defaultConfigurationIsVisible = 0;
			defaultConfigurationName = Release;
		};
		647124D225984E9800B8D38E /* Build configuration list for PBXNativeTarget "Job Hub" */ = {
			isa = XCConfigurationList;
			buildConfigurations = (
				647124D325984E9800B8D38E /* Debug */,
				647124D425984E9800B8D38E /* Release */,
			);
			defaultConfigurationIsVisible = 0;
			defaultConfigurationName = Release;
		};
		647124D525984E9800B8D38E /* Build configuration list for PBXNativeTarget "Job HubTests" */ = {
			isa = XCConfigurationList;
			buildConfigurations = (
				647124D625984E9800B8D38E /* Debug */,
				647124D725984E9800B8D38E /* Release */,
			);
			defaultConfigurationIsVisible = 0;
			defaultConfigurationName = Release;
		};
		647124D825984E9800B8D38E /* Build configuration list for PBXNativeTarget "Job HubUITests" */ = {
			isa = XCConfigurationList;
			buildConfigurations = (
				647124D925984E9800B8D38E /* Debug */,
				647124DA25984E9800B8D38E /* Release */,
			);
			defaultConfigurationIsVisible = 0;
			defaultConfigurationName = Release;
		};
/* End XCConfigurationList section */

/* Begin XCVersionGroup section */
		647124B125984E9500B8D38E /* Job_Hub.xcdatamodeld */ = {
			isa = XCVersionGroup;
			children = (
				647124B225984E9500B8D38E /* Job_Hub.xcdatamodel */,
			);
			currentVersion = 647124B225984E9500B8D38E /* Job_Hub.xcdatamodel */;
			path = Job_Hub.xcdatamodeld;
			sourceTree = "<group>";
			versionGroupType = wrapper.xcdatamodel;
		};
/* End XCVersionGroup section */
	};
	rootObject = 6471249D25984E9500B8D38E /* Project object */;
}
